// !$*UTF8*$!
{
	archiveVersion = 1;
	classes = {
	};
	objectVersion = 46;
	objects = {

/* Begin PBXBuildFile section */
		5F16D62B14E47F1B00DE1B8D /* UIKit.framework in Frameworks */ = {isa = PBXBuildFile; fileRef = 5F16D62A14E47F1B00DE1B8D /* UIKit.framework */; };
		5F16D62D14E47F1B00DE1B8D /* Foundation.framework in Frameworks */ = {isa = PBXBuildFile; fileRef = 5F16D62C14E47F1B00DE1B8D /* Foundation.framework */; };
		5F16D62F14E47F1B00DE1B8D /* CoreGraphics.framework in Frameworks */ = {isa = PBXBuildFile; fileRef = 5F16D62E14E47F1B00DE1B8D /* CoreGraphics.framework */; };
		5F16D63514E47F1B00DE1B8D /* InfoPlist.strings in Resources */ = {isa = PBXBuildFile; fileRef = 5F16D63314E47F1B00DE1B8D /* InfoPlist.strings */; };
		5F16D63714E47F1B00DE1B8D /* main.m in Sources */ = {isa = PBXBuildFile; fileRef = 5F16D63614E47F1B00DE1B8D /* main.m */; };
		5F16D63B14E47F1B00DE1B8D /* DDAppDelegate.m in Sources */ = {isa = PBXBuildFile; fileRef = 5F16D63A14E47F1B00DE1B8D /* DDAppDelegate.m */; };
		5F16D64114E47F1B00DE1B8D /* DDViewController_iPhone.xib in Resources */ = {isa = PBXBuildFile; fileRef = 5F16D63F14E47F1B00DE1B8D /* DDViewController_iPhone.xib */; };
		5F16D64414E47F1B00DE1B8D /* DDViewController_iPad.xib in Resources */ = {isa = PBXBuildFile; fileRef = 5F16D64214E47F1B00DE1B8D /* DDViewController_iPad.xib */; };
		5F16D64C14E47F1B00DE1B8D /* SenTestingKit.framework in Frameworks */ = {isa = PBXBuildFile; fileRef = 5F16D64B14E47F1B00DE1B8D /* SenTestingKit.framework */; };
		5F16D64D14E47F1B00DE1B8D /* UIKit.framework in Frameworks */ = {isa = PBXBuildFile; fileRef = 5F16D62A14E47F1B00DE1B8D /* UIKit.framework */; };
		5F16D64E14E47F1B00DE1B8D /* Foundation.framework in Frameworks */ = {isa = PBXBuildFile; fileRef = 5F16D62C14E47F1B00DE1B8D /* Foundation.framework */; };
		5F16D65614E47F1B00DE1B8D /* InfoPlist.strings in Resources */ = {isa = PBXBuildFile; fileRef = 5F16D65414E47F1B00DE1B8D /* InfoPlist.strings */; };
		5F16D65914E47F1B00DE1B8D /* DragDropTests.m in Sources */ = {isa = PBXBuildFile; fileRef = 5F16D65814E47F1B00DE1B8D /* DragDropTests.m */; };
		5F16D66414E4803C00DE1B8D /* DDTableViewController.m in Sources */ = {isa = PBXBuildFile; fileRef = 5F16D66314E4803C00DE1B8D /* DDTableViewController.m */; };
		5F6F634514FE44BC004C1337 /* DDTableViewManager.m in Sources */ = {isa = PBXBuildFile; fileRef = 5F6F634414FE44BC004C1337 /* DDTableViewManager.m */; };
		5FCE618314E5706100FCB72D /* DDTableViewControllerUsingManager.m in Sources */ = {isa = PBXBuildFile; fileRef = 5FCE618214E5706100FCB72D /* DDTableViewControllerUsingManager.m */; };
		5FCE618714E5728900FCB72D /* DDViewControllerUsingManager_iPhone.xib in Resources */ = {isa = PBXBuildFile; fileRef = 5FCE618514E5728900FCB72D /* DDViewControllerUsingManager_iPhone.xib */; };
/* End PBXBuildFile section */

/* Begin PBXContainerItemProxy section */
		5F16D64F14E47F1B00DE1B8D /* PBXContainerItemProxy */ = {
			isa = PBXContainerItemProxy;
			containerPortal = 5F16D61D14E47F1B00DE1B8D /* Project object */;
			proxyType = 1;
			remoteGlobalIDString = 5F16D62514E47F1B00DE1B8D;
			remoteInfo = DragDrop;
		};
/* End PBXContainerItemProxy section */

/* Begin PBXFileReference section */
		5F16D62614E47F1B00DE1B8D /* DragDrop.app */ = {isa = PBXFileReference; explicitFileType = wrapper.application; includeInIndex = 0; path = DragDrop.app; sourceTree = BUILT_PRODUCTS_DIR; };
		5F16D62A14E47F1B00DE1B8D /* UIKit.framework */ = {isa = PBXFileReference; lastKnownFileType = wrapper.framework; name = UIKit.framework; path = System/Library/Frameworks/UIKit.framework; sourceTree = SDKROOT; };
		5F16D62C14E47F1B00DE1B8D /* Foundation.framework */ = {isa = PBXFileReference; lastKnownFileType = wrapper.framework; name = Foundation.framework; path = System/Library/Frameworks/Foundation.framework; sourceTree = SDKROOT; };
		5F16D62E14E47F1B00DE1B8D /* CoreGraphics.framework */ = {isa = PBXFileReference; lastKnownFileType = wrapper.framework; name = CoreGraphics.framework; path = System/Library/Frameworks/CoreGraphics.framework; sourceTree = SDKROOT; };
		5F16D63214E47F1B00DE1B8D /* DragDrop-Info.plist */ = {isa = PBXFileReference; lastKnownFileType = text.plist.xml; path = "DragDrop-Info.plist"; sourceTree = "<group>"; };
		5F16D63414E47F1B00DE1B8D /* en */ = {isa = PBXFileReference; lastKnownFileType = text.plist.strings; name = en; path = en.lproj/InfoPlist.strings; sourceTree = "<group>"; };
		5F16D63614E47F1B00DE1B8D /* main.m */ = {isa = PBXFileReference; lastKnownFileType = sourcecode.c.objc; path = main.m; sourceTree = "<group>"; };
		5F16D63814E47F1B00DE1B8D /* DragDrop-Prefix.pch */ = {isa = PBXFileReference; lastKnownFileType = sourcecode.c.h; path = "DragDrop-Prefix.pch"; sourceTree = "<group>"; };
		5F16D63914E47F1B00DE1B8D /* DDAppDelegate.h */ = {isa = PBXFileReference; lastKnownFileType = sourcecode.c.h; path = DDAppDelegate.h; sourceTree = "<group>"; };
		5F16D63A14E47F1B00DE1B8D /* DDAppDelegate.m */ = {isa = PBXFileReference; lastKnownFileType = sourcecode.c.objc; path = DDAppDelegate.m; sourceTree = "<group>"; };
		5F16D64014E47F1B00DE1B8D /* en */ = {isa = PBXFileReference; lastKnownFileType = file.xib; name = en; path = en.lproj/DDViewController_iPhone.xib; sourceTree = "<group>"; };
		5F16D64314E47F1B00DE1B8D /* en */ = {isa = PBXFileReference; lastKnownFileType = file.xib; name = en; path = en.lproj/DDViewController_iPad.xib; sourceTree = "<group>"; };
		5F16D64A14E47F1B00DE1B8D /* DragDropTests.octest */ = {isa = PBXFileReference; explicitFileType = wrapper.cfbundle; includeInIndex = 0; path = DragDropTests.octest; sourceTree = BUILT_PRODUCTS_DIR; };
		5F16D64B14E47F1B00DE1B8D /* SenTestingKit.framework */ = {isa = PBXFileReference; lastKnownFileType = wrapper.framework; name = SenTestingKit.framework; path = Library/Frameworks/SenTestingKit.framework; sourceTree = DEVELOPER_DIR; };
		5F16D65314E47F1B00DE1B8D /* DragDropTests-Info.plist */ = {isa = PBXFileReference; lastKnownFileType = text.plist.xml; path = "DragDropTests-Info.plist"; sourceTree = "<group>"; };
		5F16D65514E47F1B00DE1B8D /* en */ = {isa = PBXFileReference; lastKnownFileType = text.plist.strings; name = en; path = en.lproj/InfoPlist.strings; sourceTree = "<group>"; };
		5F16D65714E47F1B00DE1B8D /* DragDropTests.h */ = {isa = PBXFileReference; lastKnownFileType = sourcecode.c.h; path = DragDropTests.h; sourceTree = "<group>"; };
		5F16D65814E47F1B00DE1B8D /* DragDropTests.m */ = {isa = PBXFileReference; lastKnownFileType = sourcecode.c.objc; path = DragDropTests.m; sourceTree = "<group>"; };
		5F16D66214E4803C00DE1B8D /* DDTableViewController.h */ = {isa = PBXFileReference; fileEncoding = 4; lastKnownFileType = sourcecode.c.h; path = DDTableViewController.h; sourceTree = "<group>"; };
		5F16D66314E4803C00DE1B8D /* DDTableViewController.m */ = {isa = PBXFileReference; fileEncoding = 4; lastKnownFileType = sourcecode.c.objc; path = DDTableViewController.m; sourceTree = "<group>"; };
		5F6F634314FE44BC004C1337 /* DDTableViewManager.h */ = {isa = PBXFileReference; fileEncoding = 4; lastKnownFileType = sourcecode.c.h; name = DDTableViewManager.h; path = "../../../../../../../Users/softphone/WORKSPACES/GITHUB/iphone-commons-utilities/DragDrop/DragDrop/DDTableViewManager.h"; sourceTree = "<group>"; };
		5F6F634414FE44BC004C1337 /* DDTableViewManager.m */ = {isa = PBXFileReference; fileEncoding = 4; lastKnownFileType = sourcecode.c.objc; name = DDTableViewManager.m; path = "../../../../../../../Users/softphone/WORKSPACES/GITHUB/iphone-commons-utilities/DragDrop/DragDrop/DDTableViewManager.m"; sourceTree = "<group>"; };
		5FCE618114E5706100FCB72D /* DDTableViewControllerUsingManager.h */ = {isa = PBXFileReference; fileEncoding = 4; lastKnownFileType = sourcecode.c.h; path = DDTableViewControllerUsingManager.h; sourceTree = "<group>"; };
		5FCE618214E5706100FCB72D /* DDTableViewControllerUsingManager.m */ = {isa = PBXFileReference; fileEncoding = 4; lastKnownFileType = sourcecode.c.objc; path = DDTableViewControllerUsingManager.m; sourceTree = "<group>"; };
		5FCE618614E5728900FCB72D /* en */ = {isa = PBXFileReference; lastKnownFileType = file.xib; name = en; path = en.lproj/DDViewControllerUsingManager_iPhone.xib; sourceTree = "<group>"; };
/* End PBXFileReference section */

/* Begin PBXFrameworksBuildPhase section */
		5F16D62314E47F1B00DE1B8D /* Frameworks */ = {
			isa = PBXFrameworksBuildPhase;
			buildActionMask = 2147483647;
			files = (
				5F16D62B14E47F1B00DE1B8D /* UIKit.framework in Frameworks */,
				5F16D62D14E47F1B00DE1B8D /* Foundation.framework in Frameworks */,
				5F16D62F14E47F1B00DE1B8D /* CoreGraphics.framework in Frameworks */,
			);
			runOnlyForDeploymentPostprocessing = 0;
		};
		5F16D64614E47F1B00DE1B8D /* Frameworks */ = {
			isa = PBXFrameworksBuildPhase;
			buildActionMask = 2147483647;
			files = (
				5F16D64C14E47F1B00DE1B8D /* SenTestingKit.framework in Frameworks */,
				5F16D64D14E47F1B00DE1B8D /* UIKit.framework in Frameworks */,
				5F16D64E14E47F1B00DE1B8D /* Foundation.framework in Frameworks */,
			);
			runOnlyForDeploymentPostprocessing = 0;
		};
/* End PBXFrameworksBuildPhase section */

/* Begin PBXGroup section */
		5F16D61B14E47F1B00DE1B8D = {
			isa = PBXGroup;
			children = (
				5F16D63014E47F1B00DE1B8D /* DragDrop */,
				5F16D65114E47F1B00DE1B8D /* DragDropTests */,
				5F16D62914E47F1B00DE1B8D /* Frameworks */,
				5F16D62714E47F1B00DE1B8D /* Products */,
			);
			sourceTree = "<group>";
		};
		5F16D62714E47F1B00DE1B8D /* Products */ = {
			isa = PBXGroup;
			children = (
				5F16D62614E47F1B00DE1B8D /* DragDrop.app */,
				5F16D64A14E47F1B00DE1B8D /* DragDropTests.octest */,
			);
			name = Products;
			sourceTree = "<group>";
		};
		5F16D62914E47F1B00DE1B8D /* Frameworks */ = {
			isa = PBXGroup;
			children = (
				5F16D62A14E47F1B00DE1B8D /* UIKit.framework */,
				5F16D62C14E47F1B00DE1B8D /* Foundation.framework */,
				5F16D62E14E47F1B00DE1B8D /* CoreGraphics.framework */,
				5F16D64B14E47F1B00DE1B8D /* SenTestingKit.framework */,
			);
			name = Frameworks;
			sourceTree = "<group>";
		};
		5F16D63014E47F1B00DE1B8D /* DragDrop */ = {
			isa = PBXGroup;
			children = (
				5F6F634314FE44BC004C1337 /* DDTableViewManager.h */,
				5F6F634414FE44BC004C1337 /* DDTableViewManager.m */,
				5F16D63914E47F1B00DE1B8D /* DDAppDelegate.h */,
				5F16D63A14E47F1B00DE1B8D /* DDAppDelegate.m */,
				5F16D63F14E47F1B00DE1B8D /* DDViewController_iPhone.xib */,
				5FCE618514E5728900FCB72D /* DDViewControllerUsingManager_iPhone.xib */,
				5F16D64214E47F1B00DE1B8D /* DDViewController_iPad.xib */,
				5F16D63114E47F1B00DE1B8D /* Supporting Files */,
				5F16D66214E4803C00DE1B8D /* DDTableViewController.h */,
				5F16D66314E4803C00DE1B8D /* DDTableViewController.m */,
				5FCE618114E5706100FCB72D /* DDTableViewControllerUsingManager.h */,
				5FCE618214E5706100FCB72D /* DDTableViewControllerUsingManager.m */,
			);
			path = DragDrop;
			sourceTree = "<group>";
		};
		5F16D63114E47F1B00DE1B8D /* Supporting Files */ = {
			isa = PBXGroup;
			children = (
				5F16D63214E47F1B00DE1B8D /* DragDrop-Info.plist */,
				5F16D63314E47F1B00DE1B8D /* InfoPlist.strings */,
				5F16D63614E47F1B00DE1B8D /* main.m */,
				5F16D63814E47F1B00DE1B8D /* DragDrop-Prefix.pch */,
			);
			name = "Supporting Files";
			sourceTree = "<group>";
		};
		5F16D65114E47F1B00DE1B8D /* DragDropTests */ = {
			isa = PBXGroup;
			children = (
				5F16D65714E47F1B00DE1B8D /* DragDropTests.h */,
				5F16D65814E47F1B00DE1B8D /* DragDropTests.m */,
				5F16D65214E47F1B00DE1B8D /* Supporting Files */,
			);
			path = DragDropTests;
			sourceTree = "<group>";
		};
		5F16D65214E47F1B00DE1B8D /* Supporting Files */ = {
			isa = PBXGroup;
			children = (
				5F16D65314E47F1B00DE1B8D /* DragDropTests-Info.plist */,
				5F16D65414E47F1B00DE1B8D /* InfoPlist.strings */,
			);
			name = "Supporting Files";
			sourceTree = "<group>";
		};
/* End PBXGroup section */

/* Begin PBXNativeTarget section */
		5F16D62514E47F1B00DE1B8D /* DragDrop */ = {
			isa = PBXNativeTarget;
			buildConfigurationList = 5F16D65C14E47F1B00DE1B8D /* Build configuration list for PBXNativeTarget "DragDrop" */;
			buildPhases = (
				5F16D62214E47F1B00DE1B8D /* Sources */,
				5F16D62314E47F1B00DE1B8D /* Frameworks */,
				5F16D62414E47F1B00DE1B8D /* Resources */,
			);
			buildRules = (
			);
			dependencies = (
			);
			name = DragDrop;
			productName = DragDrop;
			productReference = 5F16D62614E47F1B00DE1B8D /* DragDrop.app */;
			productType = "com.apple.product-type.application";
		};
		5F16D64914E47F1B00DE1B8D /* DragDropTests */ = {
			isa = PBXNativeTarget;
			buildConfigurationList = 5F16D65F14E47F1B00DE1B8D /* Build configuration list for PBXNativeTarget "DragDropTests" */;
			buildPhases = (
				5F16D64514E47F1B00DE1B8D /* Sources */,
				5F16D64614E47F1B00DE1B8D /* Frameworks */,
				5F16D64714E47F1B00DE1B8D /* Resources */,
				5F16D64814E47F1B00DE1B8D /* ShellScript */,
			);
			buildRules = (
			);
			dependencies = (
				5F16D65014E47F1B00DE1B8D /* PBXTargetDependency */,
			);
			name = DragDropTests;
			productName = DragDropTests;
			productReference = 5F16D64A14E47F1B00DE1B8D /* DragDropTests.octest */;
			productType = "com.apple.product-type.bundle";
		};
/* End PBXNativeTarget section */

/* Begin PBXProject section */
		5F16D61D14E47F1B00DE1B8D /* Project object */ = {
			isa = PBXProject;
			attributes = {
				LastUpgradeCheck = 0420;
			};
			buildConfigurationList = 5F16D62014E47F1B00DE1B8D /* Build configuration list for PBXProject "DragDrop" */;
			compatibilityVersion = "Xcode 3.2";
			developmentRegion = English;
			hasScannedForEncodings = 0;
			knownRegions = (
				en,
			);
			mainGroup = 5F16D61B14E47F1B00DE1B8D;
			productRefGroup = 5F16D62714E47F1B00DE1B8D /* Products */;
			projectDirPath = "";
			projectRoot = "";
			targets = (
				5F16D62514E47F1B00DE1B8D /* DragDrop */,
				5F16D64914E47F1B00DE1B8D /* DragDropTests */,
			);
		};
/* End PBXProject section */

/* Begin PBXResourcesBuildPhase section */
		5F16D62414E47F1B00DE1B8D /* Resources */ = {
			isa = PBXResourcesBuildPhase;
			buildActionMask = 2147483647;
			files = (
				5F16D63514E47F1B00DE1B8D /* InfoPlist.strings in Resources */,
				5F16D64114E47F1B00DE1B8D /* DDViewController_iPhone.xib in Resources */,
				5F16D64414E47F1B00DE1B8D /* DDViewController_iPad.xib in Resources */,
				5FCE618714E5728900FCB72D /* DDViewControllerUsingManager_iPhone.xib in Resources */,
			);
			runOnlyForDeploymentPostprocessing = 0;
		};
		5F16D64714E47F1B00DE1B8D /* Resources */ = {
			isa = PBXResourcesBuildPhase;
			buildActionMask = 2147483647;
			files = (
				5F16D65614E47F1B00DE1B8D /* InfoPlist.strings in Resources */,
			);
			runOnlyForDeploymentPostprocessing = 0;
		};
/* End PBXResourcesBuildPhase section */

/* Begin PBXShellScriptBuildPhase section */
		5F16D64814E47F1B00DE1B8D /* ShellScript */ = {
			isa = PBXShellScriptBuildPhase;
			buildActionMask = 2147483647;
			files = (
			);
			inputPaths = (
			);
			outputPaths = (
			);
			runOnlyForDeploymentPostprocessing = 0;
			shellPath = /bin/sh;
			shellScript = "# Run the unit tests in this test bundle.\n\"${SYSTEM_DEVELOPER_DIR}/Tools/RunUnitTests\"\n";
		};
/* End PBXShellScriptBuildPhase section */

/* Begin PBXSourcesBuildPhase section */
		5F16D62214E47F1B00DE1B8D /* Sources */ = {
			isa = PBXSourcesBuildPhase;
			buildActionMask = 2147483647;
			files = (
				5F16D63714E47F1B00DE1B8D /* main.m in Sources */,
				5F16D63B14E47F1B00DE1B8D /* DDAppDelegate.m in Sources */,
				5F16D66414E4803C00DE1B8D /* DDTableViewController.m in Sources */,
				5FCE618314E5706100FCB72D /* DDTableViewControllerUsingManager.m in Sources */,
				5F6F634514FE44BC004C1337 /* DDTableViewManager.m in Sources */,
			);
			runOnlyForDeploymentPostprocessing = 0;
		};
		5F16D64514E47F1B00DE1B8D /* Sources */ = {
			isa = PBXSourcesBuildPhase;
			buildActionMask = 2147483647;
			files = (
				5F16D65914E47F1B00DE1B8D /* DragDropTests.m in Sources */,
			);
			runOnlyForDeploymentPostprocessing = 0;
		};
/* End PBXSourcesBuildPhase section */

/* Begin PBXTargetDependency section */
		5F16D65014E47F1B00DE1B8D /* PBXTargetDependency */ = {
			isa = PBXTargetDependency;
			target = 5F16D62514E47F1B00DE1B8D /* DragDrop */;
			targetProxy = 5F16D64F14E47F1B00DE1B8D /* PBXContainerItemProxy */;
		};
/* End PBXTargetDependency section */

/* Begin PBXVariantGroup section */
		5F16D63314E47F1B00DE1B8D /* InfoPlist.strings */ = {
			isa = PBXVariantGroup;
			children = (
				5F16D63414E47F1B00DE1B8D /* en */,
			);
			name = InfoPlist.strings;
			sourceTree = "<group>";
		};
		5F16D63F14E47F1B00DE1B8D /* DDViewController_iPhone.xib */ = {
			isa = PBXVariantGroup;
			children = (
				5F16D64014E47F1B00DE1B8D /* en */,
			);
			name = DDViewController_iPhone.xib;
			sourceTree = "<group>";
		};
		5F16D64214E47F1B00DE1B8D /* DDViewController_iPad.xib */ = {
			isa = PBXVariantGroup;
			children = (
				5F16D64314E47F1B00DE1B8D /* en */,
			);
			name = DDViewController_iPad.xib;
			sourceTree = "<group>";
		};
		5F16D65414E47F1B00DE1B8D /* InfoPlist.strings */ = {
			isa = PBXVariantGroup;
			children = (
				5F16D65514E47F1B00DE1B8D /* en */,
			);
			name = InfoPlist.strings;
			sourceTree = "<group>";
		};
		5FCE618514E5728900FCB72D /* DDViewControllerUsingManager_iPhone.xib */ = {
			isa = PBXVariantGroup;
			children = (
				5FCE618614E5728900FCB72D /* en */,
			);
			name = DDViewControllerUsingManager_iPhone.xib;
			sourceTree = "<group>";
		};
/* End PBXVariantGroup section */

/* Begin XCBuildConfiguration section */
		5F16D65A14E47F1B00DE1B8D /* Debug */ = {
			isa = XCBuildConfiguration;
			buildSettings = {
				ALWAYS_SEARCH_USER_PATHS = NO;
				ARCHS = "$(ARCHS_STANDARD_32_BIT)";
				CLANG_ENABLE_OBJC_ARC = YES;
				"CODE_SIGN_IDENTITY[sdk=iphoneos*]" = "iPhone Developer";
				COPY_PHASE_STRIP = NO;
				GCC_C_LANGUAGE_STANDARD = gnu99;
				GCC_DYNAMIC_NO_PIC = NO;
				GCC_OPTIMIZATION_LEVEL = 0;
				GCC_PREPROCESSOR_DEFINITIONS = (
					"DEBUG=1",
					"$(inherited)",
				);
				GCC_SYMBOLS_PRIVATE_EXTERN = NO;
				GCC_VERSION = com.apple.compilers.llvm.clang.1_0;
				GCC_WARN_ABOUT_MISSING_PROTOTYPES = YES;
				GCC_WARN_ABOUT_RETURN_TYPE = YES;
				GCC_WARN_UNUSED_VARIABLE = YES;
				IPHONEOS_DEPLOYMENT_TARGET = 5.0;
				SDKROOT = iphoneos;
				TARGETED_DEVICE_FAMILY = "1,2";
			};
			name = Debug;
		};
		5F16D65B14E47F1B00DE1B8D /* Release */ = {
			isa = XCBuildConfiguration;
			buildSettings = {
				ALWAYS_SEARCH_USER_PATHS = NO;
				ARCHS = "$(ARCHS_STANDARD_32_BIT)";
				CLANG_ENABLE_OBJC_ARC = YES;
				"CODE_SIGN_IDENTITY[sdk=iphoneos*]" = "iPhone Developer";
				COPY_PHASE_STRIP = YES;
				GCC_C_LANGUAGE_STANDARD = gnu99;
				GCC_VERSION = com.apple.compilers.llvm.clang.1_0;
				GCC_WARN_ABOUT_MISSING_PROTOTYPES = YES;
				GCC_WARN_ABOUT_RETURN_TYPE = YES;
				GCC_WARN_UNUSED_VARIABLE = YES;
				IPHONEOS_DEPLOYMENT_TARGET = 5.0;
				OTHER_CFLAGS = "-DNS_BLOCK_ASSERTIONS=1";
				SDKROOT = iphoneos;
				TARGETED_DEVICE_FAMILY = "1,2";
				VALIDATE_PRODUCT = YES;
			};
			name = Release;
		};
		5F16D65D14E47F1B00DE1B8D /* Debug */ = {
			isa = XCBuildConfiguration;
			buildSettings = {
				GCC_PRECOMPILE_PREFIX_HEADER = YES;
				GCC_PREFIX_HEADER = "DragDrop/DragDrop-Prefix.pch";
				INFOPLIST_FILE = "DragDrop/DragDrop-Info.plist";
				PRODUCT_NAME = "$(TARGET_NAME)";
				WRAPPER_EXTENSION = app;
			};
			name = Debug;
		};
		5F16D65E14E47F1B00DE1B8D /* Release */ = {
			isa = XCBuildConfiguration;
			buildSettings = {
				GCC_PRECOMPILE_PREFIX_HEADER = YES;
				GCC_PREFIX_HEADER = "DragDrop/DragDrop-Prefix.pch";
				INFOPLIST_FILE = "DragDrop/DragDrop-Info.plist";
				PRODUCT_NAME = "$(TARGET_NAME)";
				WRAPPER_EXTENSION = app;
			};
			name = Release;
		};
		5F16D66014E47F1B00DE1B8D /* Debug */ = {
			isa = XCBuildConfiguration;
			buildSettings = {
				BUNDLE_LOADER = "$(BUILT_PRODUCTS_DIR)/DragDrop.app/DragDrop";
				FRAMEWORK_SEARCH_PATHS = (
					"$(SDKROOT)/Developer/Library/Frameworks",
					"$(DEVELOPER_LIBRARY_DIR)/Frameworks",
				);
				GCC_PRECOMPILE_PREFIX_HEADER = YES;
				GCC_PREFIX_HEADER = "DragDrop/DragDrop-Prefix.pch";
				INFOPLIST_FILE = "DragDropTests/DragDropTests-Info.plist";
				PRODUCT_NAME = "$(TARGET_NAME)";
				TEST_HOST = "$(BUNDLE_LOADER)";
				WRAPPER_EXTENSION = octest;
			};
			name = Debug;
		};
		5F16D66114E47F1B00DE1B8D /* Release */ = {
			isa = XCBuildConfiguration;
			buildSettings = {
				BUNDLE_LOADER = "$(BUILT_PRODUCTS_DIR)/DragDrop.app/DragDrop";
				FRAMEWORK_SEARCH_PATHS = (
					"$(SDKROOT)/Developer/Library/Frameworks",
					"$(DEVELOPER_LIBRARY_DIR)/Frameworks",
				);
				GCC_PRECOMPILE_PREFIX_HEADER = YES;
				GCC_PREFIX_HEADER = "DragDrop/DragDrop-Prefix.pch";
				INFOPLIST_FILE = "DragDropTests/DragDropTests-Info.plist";
				PRODUCT_NAME = "$(TARGET_NAME)";
				TEST_HOST = "$(BUNDLE_LOADER)";
				WRAPPER_EXTENSION = octest;
			};
			name = Release;
		};
/* End XCBuildConfiguration section */

/* Begin XCConfigurationList section */
		5F16D62014E47F1B00DE1B8D /* Build configuration list for PBXProject "DragDrop" */ = {
			isa = XCConfigurationList;
			buildConfigurations = (
				5F16D65A14E47F1B00DE1B8D /* Debug */,
				5F16D65B14E47F1B00DE1B8D /* Release */,
			);
			defaultConfigurationIsVisible = 0;
			defaultConfigurationName = Release;
		};
		5F16D65C14E47F1B00DE1B8D /* Build configuration list for PBXNativeTarget "DragDrop" */ = {
			isa = XCConfigurationList;
			buildConfigurations = (
				5F16D65D14E47F1B00DE1B8D /* Debug */,
				5F16D65E14E47F1B00DE1B8D /* Release */,
			);
			defaultConfigurationIsVisible = 0;
			defaultConfigurationName = Release;
		};
		5F16D65F14E47F1B00DE1B8D /* Build configuration list for PBXNativeTarget "DragDropTests" */ = {
			isa = XCConfigurationList;
			buildConfigurations = (
				5F16D66014E47F1B00DE1B8D /* Debug */,
				5F16D66114E47F1B00DE1B8D /* Release */,
			);
			defaultConfigurationIsVisible = 0;
			defaultConfigurationName = Release;
		};
/* End XCConfigurationList section */
	};
	rootObject = 5F16D61D14E47F1B00DE1B8D /* Project object */;
}
