PODS:
  - FieldValidatorLibrary (1.2.1)

DEPENDENCIES:
  - FieldValidatorLibrary (from `https://github.com/bsorrentino/swiftui-fieldvalidator.git`, branch `develop`)

EXTERNAL SOURCES:
  FieldValidatorLibrary:
    :branch: develop
    :git: https://github.com/bsorrentino/swiftui-fieldvalidator.git

CHECKOUT OPTIONS:
  FieldValidatorLibrary:
    :commit: 95d03bb3e8e2f4a90f1c433650fe082232396b9c
    :git: https://github.com/bsorrentino/swiftui-fieldvalidator.git

SPEC CHECKSUMS:
  FieldValidatorLibrary: 125bd01ec9036236d4a6e3edbaf66fad0856300f

PODFILE CHECKSUM: 0940bfaf2fc6d7fd8265856417d1e8565854c767

COCOAPODS: 1.9.1
