// !$*UTF8*$!
{
	archiveVersion = 1;
	classes = {
	};
	objectVersion = 46;
	objects = {

/* Begin PBXBuildFile section */
		1D60589B0D05DD56006BFB54 /* main.m in Sources */ = {isa = PBXBuildFile; fileRef = 29B97316FDCFA39411CA2CEA /* main.m */; };
		1D60589F0D05DD5A006BFB54 /* Foundation.framework in Frameworks */ = {isa = PBXBuildFile; fileRef = 1D30AB110D05D00D00671497 /* Foundation.framework */; };
		1DF5F4E00D08C38300B7A737 /* UIKit.framework in Frameworks */ = {isa = PBXBuildFile; fileRef = 1DF5F4DF0D08C38300B7A737 /* UIKit.framework */; };
		28860BE50F44EE6400985440 /* CoreData.framework in Frameworks */ = {isa = PBXBuildFile; fileRef = 28860BE40F44EE6400985440 /* CoreData.framework */; };
		2892E4100DC94CBA00A64D0F /* CoreGraphics.framework in Frameworks */ = {isa = PBXBuildFile; fileRef = 2892E40F0DC94CBA00A64D0F /* CoreGraphics.framework */; };
		2899E5600DE3E45000AC0155 /* RootViewController.xib in Resources */ = {isa = PBXBuildFile; fileRef = 2899E55F0DE3E45000AC0155 /* RootViewController.xib */; };
		28AD73600D9D9599002E5188 /* MainWindow.xib in Resources */ = {isa = PBXBuildFile; fileRef = 28AD735F0D9D9599002E5188 /* MainWindow.xib */; };
		5F0006D71C312424002BD9EC /* KeyEntity.swift in Sources */ = {isa = PBXBuildFile; fileRef = 5F0006D61C312424002BD9EC /* KeyEntity.swift */; };
		5F04E6E412E368C800370F50 /* KeyChainLogin.m in Sources */ = {isa = PBXBuildFile; fileRef = 5F04E6E212E368C800370F50 /* KeyChainLogin.m */; };
		5F04E6E512E368C800370F50 /* KeyChainLogin.xib in Resources */ = {isa = PBXBuildFile; fileRef = 5F04E6E312E368C800370F50 /* KeyChainLogin.xib */; };
		5F052D8A15CBE90900330214 /* iToast.m in Sources */ = {isa = PBXBuildFile; fileRef = 5F052D8915CBE90900330214 /* iToast.m */; settings = {COMPILER_FLAGS = "-fno-objc-arc"; }; };
		5F052D9415CBEADA00330214 /* OptionPane.m in Sources */ = {isa = PBXBuildFile; fileRef = 5F052D9115CBEADA00330214 /* OptionPane.m */; settings = {COMPILER_FLAGS = "-fno-objc-arc"; }; };
		5F084FBE15B9641400059E26 /* key22x22.png in Resources */ = {isa = PBXBuildFile; fileRef = 5F084FC015B9641400059E26 /* key22x22.png */; };
		5F084FC315BAF09100059E26 /* KeyCell.xib in Resources */ = {isa = PBXBuildFile; fileRef = 5F084FC215BAF09100059E26 /* KeyCell.xib */; };
		5F129E0A12EB607300BF9EF9 /* login32x32.png in Resources */ = {isa = PBXBuildFile; fileRef = 5F129E0912EB607300BF9EF9 /* login32x32.png */; };
		5F17FB981416E9E4007D88F9 /* Localizable.strings in Resources */ = {isa = PBXBuildFile; fileRef = 5F17FB961416E9E4007D88F9 /* Localizable.strings */; };
		5F18B47615B6FA7600F7D82A /* lock22x22.png in Resources */ = {isa = PBXBuildFile; fileRef = 5F18B47515B6FA7600F7D82A /* lock22x22.png */; };
		5F18B47815B7016F00F7D82A /* section22x22.png in Resources */ = {isa = PBXBuildFile; fileRef = 5F18B47715B7016F00F7D82A /* section22x22.png */; };
		5F1FBA211C307E7A005B00A5 /* keychain2Tests.swift in Sources */ = {isa = PBXBuildFile; fileRef = 5F1FBA201C307E7A005B00A5 /* keychain2Tests.swift */; };
		5F2718FC152508E800C5BBA3 /* info34x34.png in Resources */ = {isa = PBXBuildFile; fileRef = 5F2718FB152508E800C5BBA3 /* info34x34.png */; };
		5F27190015250CEB00C5BBA3 /* InfoViewController.m in Sources */ = {isa = PBXBuildFile; fileRef = 5F2718FE15250CEB00C5BBA3 /* InfoViewController.m */; };
		5F27190115250CEB00C5BBA3 /* InfoViewController.xib in Resources */ = {isa = PBXBuildFile; fileRef = 5F2718FF15250CEB00C5BBA3 /* InfoViewController.xib */; };
		5F30A4841610E3AD005BAE36 /* KeyChain.xcdatamodeld in Sources */ = {isa = PBXBuildFile; fileRef = 5F30A47F1610E3AD005BAE36 /* KeyChain.xcdatamodeld */; };
		5F31B3BE1612E41500AE69CD /* keychain-desktop1024x1024.png in Resources */ = {isa = PBXBuildFile; fileRef = 5F31B3BD1612E41500AE69CD /* keychain-desktop1024x1024.png */; };
		5F31B3C01612E8BC00AE69CD /* Default@2x.png in Resources */ = {isa = PBXBuildFile; fileRef = 5F31B3BF1612E8BC00AE69CD /* Default@2x.png */; };
		5F3F58051EEAF1C100D21830 /* PushLinkPreview.swift in Sources */ = {isa = PBXBuildFile; fileRef = 5F3F58041EEAF1C100D21830 /* PushLinkPreview.swift */; };
		5F3F58091EEB068D00D21830 /* PushLinkPreviewCell.xib in Resources */ = {isa = PBXBuildFile; fileRef = 5F3F58081EEB068D00D21830 /* PushLinkPreviewCell.xib */; };
		5F3F58771EEB547700D21830 /* back24x24.png in Resources */ = {isa = PBXBuildFile; fileRef = 5F3F58521EEB547700D21830 /* back24x24.png */; };
		5F3F58781EEB547700D21830 /* BaseDataEntryCell.m in Sources */ = {isa = PBXBuildFile; fileRef = 5F3F58541EEB547700D21830 /* BaseDataEntryCell.m */; };
		5F3F58791EEB547700D21830 /* chevron.png in Resources */ = {isa = PBXBuildFile; fileRef = 5F3F58551EEB547700D21830 /* chevron.png */; };
		5F3F587A1EEB547700D21830 /* confirm24x24.png in Resources */ = {isa = PBXBuildFile; fileRef = 5F3F58561EEB547700D21830 /* confirm24x24.png */; };
		5F3F587B1EEB547700D21830 /* edit32x32.png in Resources */ = {isa = PBXBuildFile; fileRef = 5F3F58571EEB547700D21830 /* edit32x32.png */; };
		5F3F587C1EEB547700D21830 /* MailDataEntryCell.xib in Resources */ = {isa = PBXBuildFile; fileRef = 5F3F58581EEB547700D21830 /* MailDataEntryCell.xib */; };
		5F3F587D1EEB547700D21830 /* PushControllerDataEntryCell.m in Sources */ = {isa = PBXBuildFile; fileRef = 5F3F585A1EEB547700D21830 /* PushControllerDataEntryCell.m */; };
		5F3F587E1EEB547700D21830 /* PushDateEntryCell.m in Sources */ = {isa = PBXBuildFile; fileRef = 5F3F585C1EEB547700D21830 /* PushDateEntryCell.m */; };
		5F3F587F1EEB547700D21830 /* PushDateEntryCell.xib in Resources */ = {isa = PBXBuildFile; fileRef = 5F3F585D1EEB547700D21830 /* PushDateEntryCell.xib */; };
		5F3F58801EEB547700D21830 /* PushFormDataEntryCell.m in Sources */ = {isa = PBXBuildFile; fileRef = 5F3F585F1EEB547700D21830 /* PushFormDataEntryCell.m */; };
		5F3F58811EEB547700D21830 /* PushFormDataEntryCell.xib in Resources */ = {isa = PBXBuildFile; fileRef = 5F3F58601EEB547700D21830 /* PushFormDataEntryCell.xib */; };
		5F3F58821EEB547700D21830 /* PushTextEntryCell.m in Sources */ = {isa = PBXBuildFile; fileRef = 5F3F58621EEB547700D21830 /* PushTextEntryCell.m */; };
		5F3F58831EEB547700D21830 /* PushTextEntryCell.xib in Resources */ = {isa = PBXBuildFile; fileRef = 5F3F58631EEB547700D21830 /* PushTextEntryCell.xib */; };
		5F3F58841EEB547700D21830 /* PushWebViewEntryCell.m in Sources */ = {isa = PBXBuildFile; fileRef = 5F3F58651EEB547700D21830 /* PushWebViewEntryCell.m */; };
		5F3F58851EEB547700D21830 /* PushWebViewEntryCell.xib in Resources */ = {isa = PBXBuildFile; fileRef = 5F3F58661EEB547700D21830 /* PushWebViewEntryCell.xib */; };
		5F3F58861EEB547700D21830 /* README.md in Sources */ = {isa = PBXBuildFile; fileRef = 5F3F58671EEB547700D21830 /* README.md */; };
		5F3F58871EEB547700D21830 /* SegmentedDataEntryCell.m in Sources */ = {isa = PBXBuildFile; fileRef = 5F3F58691EEB547700D21830 /* SegmentedDataEntryCell.m */; };
		5F3F58881EEB547700D21830 /* SwitchDataEntryCell.m in Sources */ = {isa = PBXBuildFile; fileRef = 5F3F586B1EEB547700D21830 /* SwitchDataEntryCell.m */; };
		5F3F58891EEB547700D21830 /* SwitchDataEntryCell.xib in Resources */ = {isa = PBXBuildFile; fileRef = 5F3F586C1EEB547700D21830 /* SwitchDataEntryCell.xib */; };
		5F3F588A1EEB547700D21830 /* TextDataEntryCell.m in Sources */ = {isa = PBXBuildFile; fileRef = 5F3F586E1EEB547700D21830 /* TextDataEntryCell.m */; };
		5F3F588B1EEB547700D21830 /* TextDataEntryCell.xib in Resources */ = {isa = PBXBuildFile; fileRef = 5F3F586F1EEB547700D21830 /* TextDataEntryCell.xib */; };
		5F3F588C1EEB547700D21830 /* UIXMLFormViewController.m in Sources */ = {isa = PBXBuildFile; fileRef = 5F3F58721EEB547700D21830 /* UIXMLFormViewController.m */; };
		5F3F588D1EEB547700D21830 /* WaitMaskController.m in Sources */ = {isa = PBXBuildFile; fileRef = 5F3F58751EEB547700D21830 /* WaitMaskController.m */; };
		5F3F588E1EEB547700D21830 /* write32x32.png in Resources */ = {isa = PBXBuildFile; fileRef = 5F3F58761EEB547700D21830 /* write32x32.png */; };
		5F44CC691C4C3D62007003D6 /* KeyChain-1.3.xcdatamodel in Sources */ = {isa = PBXBuildFile; fileRef = 5F44CC681C4C3D62007003D6 /* KeyChain-1.3.xcdatamodel */; };
		5F44CC6F1C4C3EBE007003D6 /* model-1.1.xcmappingmodel in Sources */ = {isa = PBXBuildFile; fileRef = 5F44CC6C1C4C3EBE007003D6 /* model-1.1.xcmappingmodel */; };
		5F44CC701C4C3EBE007003D6 /* model-1.2.xcmappingmodel in Sources */ = {isa = PBXBuildFile; fileRef = 5F44CC6D1C4C3EBE007003D6 /* model-1.2.xcmappingmodel */; };
		5F44CC711C4C3EBE007003D6 /* model-1.3.xcmappingmodel in Sources */ = {isa = PBXBuildFile; fileRef = 5F44CC6E1C4C3EBE007003D6 /* model-1.3.xcmappingmodel */; };
		5F544F7413F82E350001A8B5 /* logo-57x57.png in Resources */ = {isa = PBXBuildFile; fileRef = 5F544F7313F82E350001A8B5 /* logo-57x57.png */; };
		5F6C47811535C4F20092F552 /* Security.framework in Frameworks */ = {isa = PBXBuildFile; fileRef = 5F6C47801535C4F20092F552 /* Security.framework */; };
		5F6F343A143F315500D9C428 /* ExportViewController.m in Sources */ = {isa = PBXBuildFile; fileRef = 5F6F3439143F315500D9C428 /* ExportViewController.m */; };
		5F6F343C143F49EC00D9C428 /* usb48x48.png in Resources */ = {isa = PBXBuildFile; fileRef = 5F6F343B143F49EC00D9C428 /* usb48x48.png */; };
		5F6F634A14FE4521004C1337 /* DDTableViewManager.m in Sources */ = {isa = PBXBuildFile; fileRef = 5F6F634914FE4521004C1337 /* DDTableViewManager.m */; };
		5F7781861BBD1784007B37B5 /* AccountCredential.swift in Sources */ = {isa = PBXBuildFile; fileRef = 5F7781851BBD1784007B37B5 /* AccountCredential.swift */; };
		5F82059D15D4109000862BC2 /* swipeR@18x24.png in Resources */ = {isa = PBXBuildFile; fileRef = 5F82059C15D4109000862BC2 /* swipeR@18x24.png */; };
		5F8205A015D4144400862BC2 /* UIPasswordLabel.m in Sources */ = {isa = PBXBuildFile; fileRef = 5F82059F15D4144400862BC2 /* UIPasswordLabel.m */; };
		5F8205A315D41FC600862BC2 /* KeyTableViewCell.m in Sources */ = {isa = PBXBuildFile; fileRef = 5F8205A215D41FC600862BC2 /* KeyTableViewCell.m */; };
		5FA3A4C012DC7730009BE36C /* KeyChainAppDelegate.m in Sources */ = {isa = PBXBuildFile; fileRef = 5FA3A4B912DC7730009BE36C /* KeyChainAppDelegate.m */; };
		5FA3A4C212DC7730009BE36C /* PersistentAppDelegate.m in Sources */ = {isa = PBXBuildFile; fileRef = 5FA3A4BD12DC7730009BE36C /* PersistentAppDelegate.m */; };
		5FA3A4C312DC7730009BE36C /* RootViewController.m in Sources */ = {isa = PBXBuildFile; fileRef = 5FA3A4BF12DC7730009BE36C /* RootViewController.m */; };
		5FA3A4CF12DC780B009BE36C /* KeyEntityFormController.m in Sources */ = {isa = PBXBuildFile; fileRef = 5FA3A4CD12DC780B009BE36C /* KeyEntityFormController.m */; };
		5FA3A4D012DC780B009BE36C /* KeyEntityFormController.xib in Resources */ = {isa = PBXBuildFile; fileRef = 5FA3A4CE12DC780B009BE36C /* KeyEntityFormController.xib */; };
		5FA3A50012DC7C8A009BE36C /* KeyEntityForm.plist in Resources */ = {isa = PBXBuildFile; fileRef = 5FA3A4FF12DC7C8A009BE36C /* KeyEntityForm.plist */; };
		5FB1293F15CAFCED007365C5 /* SectionKeyListViewController.m in Sources */ = {isa = PBXBuildFile; fileRef = 5FB1293D15CAFCED007365C5 /* SectionKeyListViewController.m */; };
		5FC65096160933F1003BC18F /* YISplashScreen.m in Sources */ = {isa = PBXBuildFile; fileRef = 5FC65091160933F1003BC18F /* YISplashScreen.m */; };
		5FC65097160933F1003BC18F /* YISplashScreen+Migration.m in Sources */ = {isa = PBXBuildFile; fileRef = 5FC65093160933F1003BC18F /* YISplashScreen+Migration.m */; };
		5FC65098160933F1003BC18F /* YISplashScreenAnimation.m in Sources */ = {isa = PBXBuildFile; fileRef = 5FC65095160933F1003BC18F /* YISplashScreenAnimation.m */; };
		5FC6509B16093451003BC18F /* Default-568h@2x.png in Resources */ = {isa = PBXBuildFile; fileRef = 5FC6509916093451003BC18F /* Default-568h@2x.png */; };
		5FC6509C16093451003BC18F /* YIDefault@2x.png in Resources */ = {isa = PBXBuildFile; fileRef = 5FC6509A16093451003BC18F /* YIDefault@2x.png */; };
		5FC717E715C6EE6F00836CED /* swipeL@18x24.png in Resources */ = {isa = PBXBuildFile; fileRef = 5FC717E615C6EE6F00836CED /* swipeL@18x24.png */; };
		5FD3D1481525E8B5005D7E67 /* youtube199x68.png in Resources */ = {isa = PBXBuildFile; fileRef = 5FD3D1471525E8B5005D7E67 /* youtube199x68.png */; };
		5FD466EF1441A5C600A39BEE /* ImportViewController.m in Sources */ = {isa = PBXBuildFile; fileRef = 5FD466ED1441A5C600A39BEE /* ImportViewController.m */; };
		5FD466F21441A81100A39BEE /* import20x20.png in Resources */ = {isa = PBXBuildFile; fileRef = 5FD466F11441A81100A39BEE /* import20x20.png */; };
		5FD68C9414E40E2200B57E0C /* QuartzCore.framework in Frameworks */ = {isa = PBXBuildFile; fileRef = 5FD68C9314E40E2200B57E0C /* QuartzCore.framework */; };
		5FEA98E512B981950034ADC1 /* libsqlite3.0.dylib in Frameworks */ = {isa = PBXBuildFile; fileRef = 5FEA98E412B981950034ADC1 /* libsqlite3.0.dylib */; };
		5FF78F2F12E5A481008EA886 /* logo-64x64.png in Resources */ = {isa = PBXBuildFile; fileRef = 5FF78F2E12E5A481008EA886 /* logo-64x64.png */; };
		5FFC755014E5B06800E3E162 /* KeyListViewController.m in Sources */ = {isa = PBXBuildFile; fileRef = 5FFC754F14E5B06800E3E162 /* KeyListViewController.m */; };
		A012116A142269B2000AA884 /* AVFoundation.framework in Frameworks */ = {isa = PBXBuildFile; fileRef = A0121169142269B2000AA884 /* AVFoundation.framework */; };
		A01C68121DD4876A0086A1B6 /* AddEmailPopupController.swift in Sources */ = {isa = PBXBuildFile; fileRef = A01C68101DD4876A0086A1B6 /* AddEmailPopupController.swift */; };
		A01C68131DD4876A0086A1B6 /* AddEmailPopupController.xib in Resources */ = {isa = PBXBuildFile; fileRef = A01C68111DD4876A0086A1B6 /* AddEmailPopupController.xib */; };
		A01C68151DD4F02D0086A1B6 /* SwiftBadge.swift in Sources */ = {isa = PBXBuildFile; fileRef = A01C68141DD4F02D0086A1B6 /* SwiftBadge.swift */; };
		A02BB725159C4DFA001FD5AA /* back32x32.png in Resources */ = {isa = PBXBuildFile; fileRef = A02BB722159C4DFA001FD5AA /* back32x32.png */; };
		A02BB726159C4DFA001FD5AA /* keychain-desktop-512x512.png in Resources */ = {isa = PBXBuildFile; fileRef = A02BB723159C4DFA001FD5AA /* keychain-desktop-512x512.png */; };
		A02BB72A159C4E38001FD5AA /* UIAlertViewInputSection.m in Sources */ = {isa = PBXBuildFile; fileRef = A02BB729159C4E38001FD5AA /* UIAlertViewInputSection.m */; };
		A02BB72C159C5752001FD5AA /* podfile in Resources */ = {isa = PBXBuildFile; fileRef = A02BB72B159C5752001FD5AA /* podfile */; };
		A02BB740159C5829001FD5AA /* popoverArrowDown.png in Resources */ = {isa = PBXBuildFile; fileRef = A02BB731159C5829001FD5AA /* popoverArrowDown.png */; };
		A02BB741159C5829001FD5AA /* popoverArrowDown@2x.png in Resources */ = {isa = PBXBuildFile; fileRef = A02BB732159C5829001FD5AA /* popoverArrowDown@2x.png */; };
		A02BB742159C5829001FD5AA /* popoverArrowDownSimple.png in Resources */ = {isa = PBXBuildFile; fileRef = A02BB733159C5829001FD5AA /* popoverArrowDownSimple.png */; };
		A02BB743159C5829001FD5AA /* popoverArrowLeft.png in Resources */ = {isa = PBXBuildFile; fileRef = A02BB734159C5829001FD5AA /* popoverArrowLeft.png */; };
		A02BB744159C5829001FD5AA /* popoverArrowLeft@2x.png in Resources */ = {isa = PBXBuildFile; fileRef = A02BB735159C5829001FD5AA /* popoverArrowLeft@2x.png */; };
		A02BB745159C5829001FD5AA /* popoverArrowLeftSimple.png in Resources */ = {isa = PBXBuildFile; fileRef = A02BB736159C5829001FD5AA /* popoverArrowLeftSimple.png */; };
		A02BB746159C5829001FD5AA /* popoverArrowRight.png in Resources */ = {isa = PBXBuildFile; fileRef = A02BB737159C5829001FD5AA /* popoverArrowRight.png */; };
		A02BB747159C5829001FD5AA /* popoverArrowRight@2x.png in Resources */ = {isa = PBXBuildFile; fileRef = A02BB738159C5829001FD5AA /* popoverArrowRight@2x.png */; };
		A02BB748159C5829001FD5AA /* popoverArrowRightSimple.png in Resources */ = {isa = PBXBuildFile; fileRef = A02BB739159C5829001FD5AA /* popoverArrowRightSimple.png */; };
		A02BB749159C5829001FD5AA /* popoverArrowUp.png in Resources */ = {isa = PBXBuildFile; fileRef = A02BB73A159C5829001FD5AA /* popoverArrowUp.png */; };
		A02BB74A159C5829001FD5AA /* popoverArrowUp@2x.png in Resources */ = {isa = PBXBuildFile; fileRef = A02BB73B159C5829001FD5AA /* popoverArrowUp@2x.png */; };
		A02BB74B159C5829001FD5AA /* popoverArrowUpSimple.png in Resources */ = {isa = PBXBuildFile; fileRef = A02BB73C159C5829001FD5AA /* popoverArrowUpSimple.png */; };
		A02BB74C159C5829001FD5AA /* popoverBg.png in Resources */ = {isa = PBXBuildFile; fileRef = A02BB73D159C5829001FD5AA /* popoverBg.png */; };
		A02BB74D159C5829001FD5AA /* popoverBg@2x.png in Resources */ = {isa = PBXBuildFile; fileRef = A02BB73E159C5829001FD5AA /* popoverBg@2x.png */; };
		A02BB74E159C5829001FD5AA /* popoverBgSimple.png in Resources */ = {isa = PBXBuildFile; fileRef = A02BB73F159C5829001FD5AA /* popoverBgSimple.png */; };
		A0759F2114305DBE000701EF /* settings20x20.png in Resources */ = {isa = PBXBuildFile; fileRef = A0759F2014305DBE000701EF /* settings20x20.png */; };
		A082214A19F45FE300FC7BFD /* WEPopover.podspec in Resources */ = {isa = PBXBuildFile; fileRef = A082214919F45FE300FC7BFD /* WEPopover.podspec */; };
		A082215019F4649700FC7BFD /* ZKRevealingTableViewCell.podspec in Resources */ = {isa = PBXBuildFile; fileRef = A082214D19F4649700FC7BFD /* ZKRevealingTableViewCell.podspec */; };
		A083A17A1435CB9B0032B285 /* changePwd24x24.png in Resources */ = {isa = PBXBuildFile; fileRef = A083A1791435CB9B0032B285 /* changePwd24x24.png */; };
		A0CD69661430C24A00EDE45F /* export20x20.png in Resources */ = {isa = PBXBuildFile; fileRef = A0CD69651430C24A00EDE45F /* export20x20.png */; };
		A0FD0E4614165D8E009C7257 /* AttributeInfo.m in Sources */ = {isa = PBXBuildFile; fileRef = A0FD0E4514165D8E009C7257 /* AttributeInfo.m */; };
		A0FD0E4D14166C32009C7257 /* MailListDataEntryCell.m in Sources */ = {isa = PBXBuildFile; fileRef = A0FD0E4C14166C32009C7257 /* MailListDataEntryCell.m */; };
		A0FD0E4F14168462009C7257 /* MailListDataEntryCell.xib in Resources */ = {isa = PBXBuildFile; fileRef = A0FD0E4E14168462009C7257 /* MailListDataEntryCell.xib */; };
		AFFA6555B58759E4BF7123D2 /* Pods_KeyChain.framework in Frameworks */ = {isa = PBXBuildFile; fileRef = 543C1920926D2D6274CFD3E7 /* Pods_KeyChain.framework */; };
/* End PBXBuildFile section */

/* Begin PBXContainerItemProxy section */
		5F1FBA231C307E7A005B00A5 /* PBXContainerItemProxy */ = {
			isa = PBXContainerItemProxy;
			containerPortal = 29B97313FDCFA39411CA2CEA /* Project object */;
			proxyType = 1;
			remoteGlobalIDString = 1D6058900D05DD3D006BFB54;
			remoteInfo = KeyChain;
		};
/* End PBXContainerItemProxy section */

/* Begin PBXFileReference section */
		1D30AB110D05D00D00671497 /* Foundation.framework */ = {isa = PBXFileReference; lastKnownFileType = wrapper.framework; name = Foundation.framework; path = System/Library/Frameworks/Foundation.framework; sourceTree = SDKROOT; };
		1D6058910D05DD3D006BFB54 /* KeyChain.app */ = {isa = PBXFileReference; explicitFileType = wrapper.application; includeInIndex = 0; path = KeyChain.app; sourceTree = BUILT_PRODUCTS_DIR; };
		1DF5F4DF0D08C38300B7A737 /* UIKit.framework */ = {isa = PBXFileReference; lastKnownFileType = wrapper.framework; name = UIKit.framework; path = System/Library/Frameworks/UIKit.framework; sourceTree = SDKROOT; };
		28860BE40F44EE6400985440 /* CoreData.framework */ = {isa = PBXFileReference; lastKnownFileType = wrapper.framework; name = CoreData.framework; path = System/Library/Frameworks/CoreData.framework; sourceTree = SDKROOT; };
		2892E40F0DC94CBA00A64D0F /* CoreGraphics.framework */ = {isa = PBXFileReference; lastKnownFileType = wrapper.framework; name = CoreGraphics.framework; path = System/Library/Frameworks/CoreGraphics.framework; sourceTree = SDKROOT; };
		2899E55F0DE3E45000AC0155 /* RootViewController.xib */ = {isa = PBXFileReference; lastKnownFileType = file.xib; path = RootViewController.xib; sourceTree = "<group>"; };
		28A0AAE50D9B0CCF005BE974 /* KeyChain_Prefix.pch */ = {isa = PBXFileReference; fileEncoding = 4; lastKnownFileType = sourcecode.c.h; path = KeyChain_Prefix.pch; sourceTree = "<group>"; };
		28AD735F0D9D9599002E5188 /* MainWindow.xib */ = {isa = PBXFileReference; lastKnownFileType = file.xib; path = MainWindow.xib; sourceTree = "<group>"; };
		29B97316FDCFA39411CA2CEA /* main.m */ = {isa = PBXFileReference; fileEncoding = 4; lastKnownFileType = sourcecode.c.objc; path = main.m; sourceTree = "<group>"; };
		5078F8982C97BF318D752C05 /* Pods.framework */ = {isa = PBXFileReference; explicitFileType = wrapper.framework; includeInIndex = 0; path = Pods.framework; sourceTree = BUILT_PRODUCTS_DIR; };
		543C1920926D2D6274CFD3E7 /* Pods_KeyChain.framework */ = {isa = PBXFileReference; explicitFileType = wrapper.framework; includeInIndex = 0; path = Pods_KeyChain.framework; sourceTree = BUILT_PRODUCTS_DIR; };
		5F0006D61C312424002BD9EC /* KeyEntity.swift */ = {isa = PBXFileReference; fileEncoding = 4; lastKnownFileType = sourcecode.swift; path = KeyEntity.swift; sourceTree = "<group>"; };
		5F04E6E112E368C800370F50 /* KeyChainLogin.h */ = {isa = PBXFileReference; fileEncoding = 4; lastKnownFileType = sourcecode.c.h; path = KeyChainLogin.h; sourceTree = "<group>"; };
		5F04E6E212E368C800370F50 /* KeyChainLogin.m */ = {isa = PBXFileReference; fileEncoding = 4; lastKnownFileType = sourcecode.c.objc; path = KeyChainLogin.m; sourceTree = "<group>"; };
		5F04E6E312E368C800370F50 /* KeyChainLogin.xib */ = {isa = PBXFileReference; lastKnownFileType = file.xib; path = KeyChainLogin.xib; sourceTree = "<group>"; };
		5F052D8815CBE90900330214 /* iToast.h */ = {isa = PBXFileReference; fileEncoding = 4; lastKnownFileType = sourcecode.c.h; path = iToast.h; sourceTree = "<group>"; };
		5F052D8915CBE90900330214 /* iToast.m */ = {isa = PBXFileReference; fileEncoding = 4; lastKnownFileType = sourcecode.c.objc; path = iToast.m; sourceTree = "<group>"; };
		5F052D9015CBEADA00330214 /* OptionPane.h */ = {isa = PBXFileReference; fileEncoding = 4; lastKnownFileType = sourcecode.c.h; path = OptionPane.h; sourceTree = "<group>"; };
		5F052D9115CBEADA00330214 /* OptionPane.m */ = {isa = PBXFileReference; fileEncoding = 4; lastKnownFileType = sourcecode.c.objc; path = OptionPane.m; sourceTree = "<group>"; };
		5F084FBF15B9641400059E26 /* en */ = {isa = PBXFileReference; lastKnownFileType = image.png; name = en; path = en.lproj/key22x22.png; sourceTree = "<group>"; };
		5F084FC215BAF09100059E26 /* KeyCell.xib */ = {isa = PBXFileReference; fileEncoding = 4; lastKnownFileType = file.xib; path = KeyCell.xib; sourceTree = "<group>"; };
		5F129E0912EB607300BF9EF9 /* login32x32.png */ = {isa = PBXFileReference; lastKnownFileType = image.png; path = login32x32.png; sourceTree = "<group>"; };
		5F17FB971416E9E4007D88F9 /* en */ = {isa = PBXFileReference; lastKnownFileType = text.plist.strings; name = en; path = en.lproj/Localizable.strings; sourceTree = "<group>"; };
		5F18B47515B6FA7600F7D82A /* lock22x22.png */ = {isa = PBXFileReference; lastKnownFileType = image.png; path = lock22x22.png; sourceTree = "<group>"; };
		5F18B47715B7016F00F7D82A /* section22x22.png */ = {isa = PBXFileReference; lastKnownFileType = image.png; path = section22x22.png; sourceTree = "<group>"; };
		5F1FBA1E1C307E7A005B00A5 /* keychain2Tests.xctest */ = {isa = PBXFileReference; explicitFileType = wrapper.cfbundle; includeInIndex = 0; path = keychain2Tests.xctest; sourceTree = BUILT_PRODUCTS_DIR; };
		5F1FBA201C307E7A005B00A5 /* keychain2Tests.swift */ = {isa = PBXFileReference; lastKnownFileType = sourcecode.swift; path = keychain2Tests.swift; sourceTree = "<group>"; };
		5F1FBA221C307E7A005B00A5 /* Info.plist */ = {isa = PBXFileReference; lastKnownFileType = text.plist.xml; path = Info.plist; sourceTree = "<group>"; };
		5F2718FB152508E800C5BBA3 /* info34x34.png */ = {isa = PBXFileReference; lastKnownFileType = image.png; path = info34x34.png; sourceTree = "<group>"; };
		5F2718FD15250CEB00C5BBA3 /* InfoViewController.h */ = {isa = PBXFileReference; fileEncoding = 4; lastKnownFileType = sourcecode.c.h; path = InfoViewController.h; sourceTree = "<group>"; };
		5F2718FE15250CEB00C5BBA3 /* InfoViewController.m */ = {isa = PBXFileReference; fileEncoding = 4; lastKnownFileType = sourcecode.c.objc; path = InfoViewController.m; sourceTree = "<group>"; };
		5F2718FF15250CEB00C5BBA3 /* InfoViewController.xib */ = {isa = PBXFileReference; fileEncoding = 4; lastKnownFileType = file.xib; path = InfoViewController.xib; sourceTree = "<group>"; };
		5F30A4801610E3AD005BAE36 /* KeyChain-1.0.xcdatamodel */ = {isa = PBXFileReference; lastKnownFileType = wrapper.xcdatamodel; path = "KeyChain-1.0.xcdatamodel"; sourceTree = "<group>"; };
		5F30A4811610E3AD005BAE36 /* KeyChain-1.1.xcdatamodel */ = {isa = PBXFileReference; lastKnownFileType = wrapper.xcdatamodel; path = "KeyChain-1.1.xcdatamodel"; sourceTree = "<group>"; };
		5F30A4821610E3AD005BAE36 /* KeyChain-1.2.xcdatamodel */ = {isa = PBXFileReference; lastKnownFileType = wrapper.xcdatamodel; path = "KeyChain-1.2.xcdatamodel"; sourceTree = "<group>"; };
		5F30A4831610E3AD005BAE36 /* KeyChain.xcdatamodel */ = {isa = PBXFileReference; lastKnownFileType = wrapper.xcdatamodel; path = KeyChain.xcdatamodel; sourceTree = "<group>"; };
		5F31B3BD1612E41500AE69CD /* keychain-desktop1024x1024.png */ = {isa = PBXFileReference; lastKnownFileType = image.png; path = "keychain-desktop1024x1024.png"; sourceTree = "<group>"; };
		5F31B3BF1612E8BC00AE69CD /* Default@2x.png */ = {isa = PBXFileReference; lastKnownFileType = image.png; path = "Default@2x.png"; sourceTree = "<group>"; };
		5F3BD072143B352E00001F01 /* CoreData.framework */ = {isa = PBXFileReference; lastKnownFileType = wrapper.framework; name = CoreData.framework; path = System/Library/Frameworks/CoreData.framework; sourceTree = SDKROOT; };
		5F3F58041EEAF1C100D21830 /* PushLinkPreview.swift */ = {isa = PBXFileReference; fileEncoding = 4; lastKnownFileType = sourcecode.swift; path = PushLinkPreview.swift; sourceTree = "<group>"; };
		5F3F58081EEB068D00D21830 /* PushLinkPreviewCell.xib */ = {isa = PBXFileReference; fileEncoding = 4; lastKnownFileType = file.xib; path = PushLinkPreviewCell.xib; sourceTree = "<group>"; };
		5F3F58521EEB547700D21830 /* back24x24.png */ = {isa = PBXFileReference; lastKnownFileType = image.png; path = back24x24.png; sourceTree = "<group>"; };
		5F3F58531EEB547700D21830 /* BaseDataEntryCell.h */ = {isa = PBXFileReference; fileEncoding = 4; lastKnownFileType = sourcecode.c.h; path = BaseDataEntryCell.h; sourceTree = "<group>"; };
		5F3F58541EEB547700D21830 /* BaseDataEntryCell.m */ = {isa = PBXFileReference; fileEncoding = 4; lastKnownFileType = sourcecode.c.objc; path = BaseDataEntryCell.m; sourceTree = "<group>"; };
		5F3F58551EEB547700D21830 /* chevron.png */ = {isa = PBXFileReference; lastKnownFileType = image.png; path = chevron.png; sourceTree = "<group>"; };
		5F3F58561EEB547700D21830 /* confirm24x24.png */ = {isa = PBXFileReference; lastKnownFileType = image.png; path = confirm24x24.png; sourceTree = "<group>"; };
		5F3F58571EEB547700D21830 /* edit32x32.png */ = {isa = PBXFileReference; lastKnownFileType = image.png; path = edit32x32.png; sourceTree = "<group>"; };
		5F3F58581EEB547700D21830 /* MailDataEntryCell.xib */ = {isa = PBXFileReference; fileEncoding = 4; lastKnownFileType = file.xib; path = MailDataEntryCell.xib; sourceTree = "<group>"; };
		5F3F58591EEB547700D21830 /* PushControllerDataEntryCell.h */ = {isa = PBXFileReference; fileEncoding = 4; lastKnownFileType = sourcecode.c.h; path = PushControllerDataEntryCell.h; sourceTree = "<group>"; };
		5F3F585A1EEB547700D21830 /* PushControllerDataEntryCell.m */ = {isa = PBXFileReference; fileEncoding = 4; lastKnownFileType = sourcecode.c.objc; path = PushControllerDataEntryCell.m; sourceTree = "<group>"; };
		5F3F585B1EEB547700D21830 /* PushDateEntryCell.h */ = {isa = PBXFileReference; fileEncoding = 4; lastKnownFileType = sourcecode.c.h; path = PushDateEntryCell.h; sourceTree = "<group>"; };
		5F3F585C1EEB547700D21830 /* PushDateEntryCell.m */ = {isa = PBXFileReference; fileEncoding = 4; lastKnownFileType = sourcecode.c.objc; path = PushDateEntryCell.m; sourceTree = "<group>"; };
		5F3F585D1EEB547700D21830 /* PushDateEntryCell.xib */ = {isa = PBXFileReference; fileEncoding = 4; lastKnownFileType = file.xib; path = PushDateEntryCell.xib; sourceTree = "<group>"; };
		5F3F585E1EEB547700D21830 /* PushFormDataEntryCell.h */ = {isa = PBXFileReference; fileEncoding = 4; lastKnownFileType = sourcecode.c.h; path = PushFormDataEntryCell.h; sourceTree = "<group>"; };
		5F3F585F1EEB547700D21830 /* PushFormDataEntryCell.m */ = {isa = PBXFileReference; fileEncoding = 4; lastKnownFileType = sourcecode.c.objc; path = PushFormDataEntryCell.m; sourceTree = "<group>"; };
		5F3F58601EEB547700D21830 /* PushFormDataEntryCell.xib */ = {isa = PBXFileReference; fileEncoding = 4; lastKnownFileType = file.xib; path = PushFormDataEntryCell.xib; sourceTree = "<group>"; };
		5F3F58611EEB547700D21830 /* PushTextEntryCell.h */ = {isa = PBXFileReference; fileEncoding = 4; lastKnownFileType = sourcecode.c.h; path = PushTextEntryCell.h; sourceTree = "<group>"; };
		5F3F58621EEB547700D21830 /* PushTextEntryCell.m */ = {isa = PBXFileReference; fileEncoding = 4; lastKnownFileType = sourcecode.c.objc; path = PushTextEntryCell.m; sourceTree = "<group>"; };
		5F3F58631EEB547700D21830 /* PushTextEntryCell.xib */ = {isa = PBXFileReference; fileEncoding = 4; lastKnownFileType = file.xib; path = PushTextEntryCell.xib; sourceTree = "<group>"; };
		5F3F58641EEB547700D21830 /* PushWebViewEntryCell.h */ = {isa = PBXFileReference; fileEncoding = 4; lastKnownFileType = sourcecode.c.h; path = PushWebViewEntryCell.h; sourceTree = "<group>"; };
		5F3F58651EEB547700D21830 /* PushWebViewEntryCell.m */ = {isa = PBXFileReference; fileEncoding = 4; lastKnownFileType = sourcecode.c.objc; path = PushWebViewEntryCell.m; sourceTree = "<group>"; };
		5F3F58661EEB547700D21830 /* PushWebViewEntryCell.xib */ = {isa = PBXFileReference; fileEncoding = 4; lastKnownFileType = file.xib; path = PushWebViewEntryCell.xib; sourceTree = "<group>"; };
		5F3F58671EEB547700D21830 /* README.md */ = {isa = PBXFileReference; fileEncoding = 4; lastKnownFileType = net.daringfireball.markdown; path = README.md; sourceTree = "<group>"; };
		5F3F58681EEB547700D21830 /* SegmentedDataEntryCell.h */ = {isa = PBXFileReference; fileEncoding = 4; lastKnownFileType = sourcecode.c.h; path = SegmentedDataEntryCell.h; sourceTree = "<group>"; };
		5F3F58691EEB547700D21830 /* SegmentedDataEntryCell.m */ = {isa = PBXFileReference; fileEncoding = 4; lastKnownFileType = sourcecode.c.objc; path = SegmentedDataEntryCell.m; sourceTree = "<group>"; };
		5F3F586A1EEB547700D21830 /* SwitchDataEntryCell.h */ = {isa = PBXFileReference; fileEncoding = 4; lastKnownFileType = sourcecode.c.h; path = SwitchDataEntryCell.h; sourceTree = "<group>"; };
		5F3F586B1EEB547700D21830 /* SwitchDataEntryCell.m */ = {isa = PBXFileReference; fileEncoding = 4; lastKnownFileType = sourcecode.c.objc; path = SwitchDataEntryCell.m; sourceTree = "<group>"; };
		5F3F586C1EEB547700D21830 /* SwitchDataEntryCell.xib */ = {isa = PBXFileReference; fileEncoding = 4; lastKnownFileType = file.xib; path = SwitchDataEntryCell.xib; sourceTree = "<group>"; };
		5F3F586D1EEB547700D21830 /* TextDataEntryCell.h */ = {isa = PBXFileReference; fileEncoding = 4; lastKnownFileType = sourcecode.c.h; path = TextDataEntryCell.h; sourceTree = "<group>"; };
		5F3F586E1EEB547700D21830 /* TextDataEntryCell.m */ = {isa = PBXFileReference; fileEncoding = 4; lastKnownFileType = sourcecode.c.objc; path = TextDataEntryCell.m; sourceTree = "<group>"; };
		5F3F586F1EEB547700D21830 /* TextDataEntryCell.xib */ = {isa = PBXFileReference; fileEncoding = 4; lastKnownFileType = file.xib; path = TextDataEntryCell.xib; sourceTree = "<group>"; };
		5F3F58701EEB547700D21830 /* UIXML.h */ = {isa = PBXFileReference; fileEncoding = 4; lastKnownFileType = sourcecode.c.h; path = UIXML.h; sourceTree = "<group>"; };
		5F3F58711EEB547700D21830 /* UIXMLFormViewController.h */ = {isa = PBXFileReference; fileEncoding = 4; lastKnownFileType = sourcecode.c.h; path = UIXMLFormViewController.h; sourceTree = "<group>"; };
		5F3F58721EEB547700D21830 /* UIXMLFormViewController.m */ = {isa = PBXFileReference; fileEncoding = 4; lastKnownFileType = sourcecode.c.objc; path = UIXMLFormViewController.m; sourceTree = "<group>"; };
		5F3F58731EEB547700D21830 /* UIXMLFormViewControllerDelegate.h */ = {isa = PBXFileReference; fileEncoding = 4; lastKnownFileType = sourcecode.c.h; path = UIXMLFormViewControllerDelegate.h; sourceTree = "<group>"; };
		5F3F58741EEB547700D21830 /* WaitMaskController.h */ = {isa = PBXFileReference; fileEncoding = 4; lastKnownFileType = sourcecode.c.h; path = WaitMaskController.h; sourceTree = "<group>"; };
		5F3F58751EEB547700D21830 /* WaitMaskController.m */ = {isa = PBXFileReference; fileEncoding = 4; lastKnownFileType = sourcecode.c.objc; path = WaitMaskController.m; sourceTree = "<group>"; };
		5F3F58761EEB547700D21830 /* write32x32.png */ = {isa = PBXFileReference; lastKnownFileType = image.png; path = write32x32.png; sourceTree = "<group>"; };
		5F44CC681C4C3D62007003D6 /* KeyChain-1.3.xcdatamodel */ = {isa = PBXFileReference; lastKnownFileType = wrapper.xcdatamodel; name = "KeyChain-1.3.xcdatamodel"; path = "KeyChain.xcdatamodeld/KeyChain-1.3.xcdatamodel"; sourceTree = "<group>"; };
		5F44CC6C1C4C3EBE007003D6 /* model-1.1.xcmappingmodel */ = {isa = PBXFileReference; lastKnownFileType = wrapper.xcmappingmodel; name = "model-1.1.xcmappingmodel"; path = "datamodel/model-1.1.xcmappingmodel"; sourceTree = "<group>"; };
		5F44CC6D1C4C3EBE007003D6 /* model-1.2.xcmappingmodel */ = {isa = PBXFileReference; lastKnownFileType = wrapper.xcmappingmodel; name = "model-1.2.xcmappingmodel"; path = "datamodel/model-1.2.xcmappingmodel"; sourceTree = "<group>"; };
		5F44CC6E1C4C3EBE007003D6 /* model-1.3.xcmappingmodel */ = {isa = PBXFileReference; lastKnownFileType = wrapper.xcmappingmodel; name = "model-1.3.xcmappingmodel"; path = "datamodel/model-1.3.xcmappingmodel"; sourceTree = "<group>"; };
		5F544F7313F82E350001A8B5 /* logo-57x57.png */ = {isa = PBXFileReference; lastKnownFileType = image.png; path = "logo-57x57.png"; sourceTree = "<group>"; };
		5F6C47801535C4F20092F552 /* Security.framework */ = {isa = PBXFileReference; lastKnownFileType = wrapper.framework; name = Security.framework; path = System/Library/Frameworks/Security.framework; sourceTree = SDKROOT; };
		5F6F3438143F315500D9C428 /* ExportViewController.h */ = {isa = PBXFileReference; fileEncoding = 4; lastKnownFileType = sourcecode.c.h; path = ExportViewController.h; sourceTree = "<group>"; };
		5F6F3439143F315500D9C428 /* ExportViewController.m */ = {isa = PBXFileReference; fileEncoding = 4; lastKnownFileType = sourcecode.c.objc; path = ExportViewController.m; sourceTree = "<group>"; };
		5F6F343B143F49EC00D9C428 /* usb48x48.png */ = {isa = PBXFileReference; lastKnownFileType = image.png; path = usb48x48.png; sourceTree = "<group>"; };
		5F6F634814FE4521004C1337 /* DDTableViewManager.h */ = {isa = PBXFileReference; fileEncoding = 4; lastKnownFileType = sourcecode.c.h; name = DDTableViewManager.h; path = ../DragDrop/DragDrop/DDTableViewManager.h; sourceTree = "<group>"; };
		5F6F634914FE4521004C1337 /* DDTableViewManager.m */ = {isa = PBXFileReference; fileEncoding = 4; lastKnownFileType = sourcecode.c.objc; name = DDTableViewManager.m; path = ../DragDrop/DragDrop/DDTableViewManager.m; sourceTree = "<group>"; };
		5F7781841BBD1783007B37B5 /* KeyChain-Bridging-Header.h */ = {isa = PBXFileReference; lastKnownFileType = sourcecode.c.h; path = "KeyChain-Bridging-Header.h"; sourceTree = "<group>"; };
		5F7781851BBD1784007B37B5 /* AccountCredential.swift */ = {isa = PBXFileReference; fileEncoding = 4; lastKnownFileType = sourcecode.swift; path = AccountCredential.swift; sourceTree = "<group>"; };
		5F82059C15D4109000862BC2 /* swipeR@18x24.png */ = {isa = PBXFileReference; lastKnownFileType = image.png; path = "swipeR@18x24.png"; sourceTree = "<group>"; };
		5F82059E15D4144400862BC2 /* UIPasswordLabel.h */ = {isa = PBXFileReference; fileEncoding = 4; lastKnownFileType = sourcecode.c.h; path = UIPasswordLabel.h; sourceTree = "<group>"; };
		5F82059F15D4144400862BC2 /* UIPasswordLabel.m */ = {isa = PBXFileReference; fileEncoding = 4; lastKnownFileType = sourcecode.c.objc; path = UIPasswordLabel.m; sourceTree = "<group>"; };
		5F8205A115D41FC600862BC2 /* KeyTableViewCell.h */ = {isa = PBXFileReference; fileEncoding = 4; lastKnownFileType = sourcecode.c.h; path = KeyTableViewCell.h; sourceTree = "<group>"; };
		5F8205A215D41FC600862BC2 /* KeyTableViewCell.m */ = {isa = PBXFileReference; fileEncoding = 4; lastKnownFileType = sourcecode.c.objc; path = KeyTableViewCell.m; sourceTree = "<group>"; };
		5F8B67EA14471B7E00A767AE /* KeyListDataSource.h */ = {isa = PBXFileReference; fileEncoding = 4; lastKnownFileType = sourcecode.c.h; path = KeyListDataSource.h; sourceTree = "<group>"; };
		5FA3A4B812DC7730009BE36C /* KeyChainAppDelegate.h */ = {isa = PBXFileReference; fileEncoding = 4; lastKnownFileType = sourcecode.c.h; path = KeyChainAppDelegate.h; sourceTree = "<group>"; };
		5FA3A4B912DC7730009BE36C /* KeyChainAppDelegate.m */ = {isa = PBXFileReference; fileEncoding = 4; lastKnownFileType = sourcecode.c.objc; path = KeyChainAppDelegate.m; sourceTree = "<group>"; };
		5FA3A4BC12DC7730009BE36C /* PersistentAppDelegate.h */ = {isa = PBXFileReference; fileEncoding = 4; lastKnownFileType = sourcecode.c.h; path = PersistentAppDelegate.h; sourceTree = "<group>"; };
		5FA3A4BD12DC7730009BE36C /* PersistentAppDelegate.m */ = {isa = PBXFileReference; fileEncoding = 4; lastKnownFileType = sourcecode.c.objc; path = PersistentAppDelegate.m; sourceTree = "<group>"; };
		5FA3A4BE12DC7730009BE36C /* RootViewController.h */ = {isa = PBXFileReference; fileEncoding = 4; lastKnownFileType = sourcecode.c.h; path = RootViewController.h; sourceTree = "<group>"; };
		5FA3A4BF12DC7730009BE36C /* RootViewController.m */ = {isa = PBXFileReference; fileEncoding = 4; lastKnownFileType = sourcecode.c.objc; path = RootViewController.m; sourceTree = "<group>"; };
		5FA3A4CC12DC780B009BE36C /* KeyEntityFormController.h */ = {isa = PBXFileReference; fileEncoding = 4; lastKnownFileType = sourcecode.c.h; path = KeyEntityFormController.h; sourceTree = "<group>"; };
		5FA3A4CD12DC780B009BE36C /* KeyEntityFormController.m */ = {isa = PBXFileReference; fileEncoding = 4; lastKnownFileType = sourcecode.c.objc; path = KeyEntityFormController.m; sourceTree = "<group>"; };
		5FA3A4CE12DC780B009BE36C /* KeyEntityFormController.xib */ = {isa = PBXFileReference; lastKnownFileType = file.xib; path = KeyEntityFormController.xib; sourceTree = "<group>"; };
		5FA3A4FF12DC7C8A009BE36C /* KeyEntityForm.plist */ = {isa = PBXFileReference; fileEncoding = 4; lastKnownFileType = text.plist.xml; path = KeyEntityForm.plist; sourceTree = "<group>"; };
		5FB1293C15CAFCED007365C5 /* SectionKeyListViewController.h */ = {isa = PBXFileReference; fileEncoding = 4; lastKnownFileType = sourcecode.c.h; path = SectionKeyListViewController.h; sourceTree = "<group>"; };
		5FB1293D15CAFCED007365C5 /* SectionKeyListViewController.m */ = {isa = PBXFileReference; fileEncoding = 4; lastKnownFileType = sourcecode.c.objc; path = SectionKeyListViewController.m; sourceTree = "<group>"; };
		5FC65090160933F1003BC18F /* YISplashScreen.h */ = {isa = PBXFileReference; fileEncoding = 4; lastKnownFileType = sourcecode.c.h; path = YISplashScreen.h; sourceTree = "<group>"; };
		5FC65091160933F1003BC18F /* YISplashScreen.m */ = {isa = PBXFileReference; fileEncoding = 4; lastKnownFileType = sourcecode.c.objc; path = YISplashScreen.m; sourceTree = "<group>"; };
		5FC65092160933F1003BC18F /* YISplashScreen+Migration.h */ = {isa = PBXFileReference; fileEncoding = 4; lastKnownFileType = sourcecode.c.h; path = "YISplashScreen+Migration.h"; sourceTree = "<group>"; };
		5FC65093160933F1003BC18F /* YISplashScreen+Migration.m */ = {isa = PBXFileReference; fileEncoding = 4; lastKnownFileType = sourcecode.c.objc; path = "YISplashScreen+Migration.m"; sourceTree = "<group>"; };
		5FC65094160933F1003BC18F /* YISplashScreenAnimation.h */ = {isa = PBXFileReference; fileEncoding = 4; lastKnownFileType = sourcecode.c.h; path = YISplashScreenAnimation.h; sourceTree = "<group>"; };
		5FC65095160933F1003BC18F /* YISplashScreenAnimation.m */ = {isa = PBXFileReference; fileEncoding = 4; lastKnownFileType = sourcecode.c.objc; path = YISplashScreenAnimation.m; sourceTree = "<group>"; };
		5FC6509916093451003BC18F /* Default-568h@2x.png */ = {isa = PBXFileReference; lastKnownFileType = image.png; path = "Default-568h@2x.png"; sourceTree = "<group>"; };
		5FC6509A16093451003BC18F /* YIDefault@2x.png */ = {isa = PBXFileReference; lastKnownFileType = image.png; path = "YIDefault@2x.png"; sourceTree = "<group>"; };
		5FC717E615C6EE6F00836CED /* swipeL@18x24.png */ = {isa = PBXFileReference; lastKnownFileType = image.png; path = "swipeL@18x24.png"; sourceTree = "<group>"; };
		5FD3D1471525E8B5005D7E67 /* youtube199x68.png */ = {isa = PBXFileReference; lastKnownFileType = image.png; path = youtube199x68.png; sourceTree = "<group>"; };
		5FD466EC1441A5C600A39BEE /* ImportViewController.h */ = {isa = PBXFileReference; fileEncoding = 4; lastKnownFileType = sourcecode.c.h; path = ImportViewController.h; sourceTree = "<group>"; };
		5FD466ED1441A5C600A39BEE /* ImportViewController.m */ = {isa = PBXFileReference; fileEncoding = 4; lastKnownFileType = sourcecode.c.objc; path = ImportViewController.m; sourceTree = "<group>"; };
		5FD466F11441A81100A39BEE /* import20x20.png */ = {isa = PBXFileReference; lastKnownFileType = image.png; path = import20x20.png; sourceTree = "<group>"; };
		5FD68C9314E40E2200B57E0C /* QuartzCore.framework */ = {isa = PBXFileReference; lastKnownFileType = wrapper.framework; name = QuartzCore.framework; path = System/Library/Frameworks/QuartzCore.framework; sourceTree = SDKROOT; };
		5FDEE6791DCCEFE5005BE572 /* KeyChain.entitlements */ = {isa = PBXFileReference; lastKnownFileType = text.plist.entitlements; path = KeyChain.entitlements; sourceTree = "<group>"; };
		5FEA98E412B981950034ADC1 /* libsqlite3.0.dylib */ = {isa = PBXFileReference; lastKnownFileType = "compiled.mach-o.dylib"; name = libsqlite3.0.dylib; path = usr/lib/libsqlite3.0.dylib; sourceTree = SDKROOT; };
		5FF268F71B5FAA6C007440E7 /* libcommonCrypto.dylib */ = {isa = PBXFileReference; lastKnownFileType = "compiled.mach-o.dylib"; name = libcommonCrypto.dylib; path = usr/lib/system/libcommonCrypto.dylib; sourceTree = SDKROOT; };
		5FF78F2E12E5A481008EA886 /* logo-64x64.png */ = {isa = PBXFileReference; lastKnownFileType = image.png; path = "logo-64x64.png"; sourceTree = "<group>"; };
		5FFC754E14E5B06800E3E162 /* KeyListViewController.h */ = {isa = PBXFileReference; fileEncoding = 4; lastKnownFileType = sourcecode.c.h; path = KeyListViewController.h; sourceTree = "<group>"; };
		5FFC754F14E5B06800E3E162 /* KeyListViewController.m */ = {isa = PBXFileReference; fileEncoding = 4; lastKnownFileType = sourcecode.c.objc; path = KeyListViewController.m; sourceTree = "<group>"; };
		8D1107310486CEB800E47090 /* KeyChain-Info.plist */ = {isa = PBXFileReference; fileEncoding = 4; lastKnownFileType = text.plist.xml; path = "KeyChain-Info.plist"; plistStructureDefinitionIdentifier = "com.apple.xcode.plist.structure-definition.iphone.info-plist"; sourceTree = "<group>"; };
		A0121169142269B2000AA884 /* AVFoundation.framework */ = {isa = PBXFileReference; lastKnownFileType = wrapper.framework; name = AVFoundation.framework; path = System/Library/Frameworks/AVFoundation.framework; sourceTree = SDKROOT; };
		A01C68101DD4876A0086A1B6 /* AddEmailPopupController.swift */ = {isa = PBXFileReference; fileEncoding = 4; lastKnownFileType = sourcecode.swift; path = AddEmailPopupController.swift; sourceTree = "<group>"; };
		A01C68111DD4876A0086A1B6 /* AddEmailPopupController.xib */ = {isa = PBXFileReference; fileEncoding = 4; lastKnownFileType = file.xib; path = AddEmailPopupController.xib; sourceTree = "<group>"; };
		A01C68141DD4F02D0086A1B6 /* SwiftBadge.swift */ = {isa = PBXFileReference; fileEncoding = 4; lastKnownFileType = sourcecode.swift; path = SwiftBadge.swift; sourceTree = "<group>"; };
		A02BB722159C4DFA001FD5AA /* back32x32.png */ = {isa = PBXFileReference; lastKnownFileType = image.png; path = back32x32.png; sourceTree = "<group>"; };
		A02BB723159C4DFA001FD5AA /* keychain-desktop-512x512.png */ = {isa = PBXFileReference; lastKnownFileType = image.png; path = "keychain-desktop-512x512.png"; sourceTree = "<group>"; };
		A02BB728159C4E38001FD5AA /* UIAlertViewInputSection.h */ = {isa = PBXFileReference; fileEncoding = 4; lastKnownFileType = sourcecode.c.h; path = UIAlertViewInputSection.h; sourceTree = "<group>"; };
		A02BB729159C4E38001FD5AA /* UIAlertViewInputSection.m */ = {isa = PBXFileReference; fileEncoding = 4; lastKnownFileType = sourcecode.c.objc; path = UIAlertViewInputSection.m; sourceTree = "<group>"; };
		A02BB72B159C5752001FD5AA /* podfile */ = {isa = PBXFileReference; fileEncoding = 4; lastKnownFileType = text; path = podfile; sourceTree = "<group>"; xcLanguageSpecificationIdentifier = xcode.lang.ruby; };
		A02BB731159C5829001FD5AA /* popoverArrowDown.png */ = {isa = PBXFileReference; lastKnownFileType = image.png; name = popoverArrowDown.png; path = Pods/WEPopover/popoverArrowDown.png; sourceTree = "<group>"; };
		A02BB732159C5829001FD5AA /* popoverArrowDown@2x.png */ = {isa = PBXFileReference; lastKnownFileType = image.png; name = "popoverArrowDown@2x.png"; path = "Pods/WEPopover/popoverArrowDown@2x.png"; sourceTree = "<group>"; };
		A02BB733159C5829001FD5AA /* popoverArrowDownSimple.png */ = {isa = PBXFileReference; lastKnownFileType = image.png; name = popoverArrowDownSimple.png; path = Pods/WEPopover/popoverArrowDownSimple.png; sourceTree = "<group>"; };
		A02BB734159C5829001FD5AA /* popoverArrowLeft.png */ = {isa = PBXFileReference; lastKnownFileType = image.png; name = popoverArrowLeft.png; path = Pods/WEPopover/popoverArrowLeft.png; sourceTree = "<group>"; };
		A02BB735159C5829001FD5AA /* popoverArrowLeft@2x.png */ = {isa = PBXFileReference; lastKnownFileType = image.png; name = "popoverArrowLeft@2x.png"; path = "Pods/WEPopover/popoverArrowLeft@2x.png"; sourceTree = "<group>"; };
		A02BB736159C5829001FD5AA /* popoverArrowLeftSimple.png */ = {isa = PBXFileReference; lastKnownFileType = image.png; name = popoverArrowLeftSimple.png; path = Pods/WEPopover/popoverArrowLeftSimple.png; sourceTree = "<group>"; };
		A02BB737159C5829001FD5AA /* popoverArrowRight.png */ = {isa = PBXFileReference; lastKnownFileType = image.png; name = popoverArrowRight.png; path = Pods/WEPopover/popoverArrowRight.png; sourceTree = "<group>"; };
		A02BB738159C5829001FD5AA /* popoverArrowRight@2x.png */ = {isa = PBXFileReference; lastKnownFileType = image.png; name = "popoverArrowRight@2x.png"; path = "Pods/WEPopover/popoverArrowRight@2x.png"; sourceTree = "<group>"; };
		A02BB739159C5829001FD5AA /* popoverArrowRightSimple.png */ = {isa = PBXFileReference; lastKnownFileType = image.png; name = popoverArrowRightSimple.png; path = Pods/WEPopover/popoverArrowRightSimple.png; sourceTree = "<group>"; };
		A02BB73A159C5829001FD5AA /* popoverArrowUp.png */ = {isa = PBXFileReference; lastKnownFileType = image.png; name = popoverArrowUp.png; path = Pods/WEPopover/popoverArrowUp.png; sourceTree = "<group>"; };
		A02BB73B159C5829001FD5AA /* popoverArrowUp@2x.png */ = {isa = PBXFileReference; lastKnownFileType = image.png; name = "popoverArrowUp@2x.png"; path = "Pods/WEPopover/popoverArrowUp@2x.png"; sourceTree = "<group>"; };
		A02BB73C159C5829001FD5AA /* popoverArrowUpSimple.png */ = {isa = PBXFileReference; lastKnownFileType = image.png; name = popoverArrowUpSimple.png; path = Pods/WEPopover/popoverArrowUpSimple.png; sourceTree = "<group>"; };
		A02BB73D159C5829001FD5AA /* popoverBg.png */ = {isa = PBXFileReference; lastKnownFileType = image.png; name = popoverBg.png; path = Pods/WEPopover/popoverBg.png; sourceTree = "<group>"; };
		A02BB73E159C5829001FD5AA /* popoverBg@2x.png */ = {isa = PBXFileReference; lastKnownFileType = image.png; name = "popoverBg@2x.png"; path = "Pods/WEPopover/popoverBg@2x.png"; sourceTree = "<group>"; };
		A02BB73F159C5829001FD5AA /* popoverBgSimple.png */ = {isa = PBXFileReference; lastKnownFileType = image.png; name = popoverBgSimple.png; path = Pods/WEPopover/popoverBgSimple.png; sourceTree = "<group>"; };
		A0759F2014305DBE000701EF /* settings20x20.png */ = {isa = PBXFileReference; lastKnownFileType = image.png; path = settings20x20.png; sourceTree = "<group>"; };
		A082214919F45FE300FC7BFD /* WEPopover.podspec */ = {isa = PBXFileReference; fileEncoding = 4; lastKnownFileType = text; path = WEPopover.podspec; sourceTree = "<group>"; };
		A082214C19F4649700FC7BFD /* UIXML.podspec */ = {isa = PBXFileReference; fileEncoding = 4; lastKnownFileType = text; path = UIXML.podspec; sourceTree = "<group>"; };
		A082214D19F4649700FC7BFD /* ZKRevealingTableViewCell.podspec */ = {isa = PBXFileReference; fileEncoding = 4; lastKnownFileType = text; path = ZKRevealingTableViewCell.podspec; sourceTree = "<group>"; };
		A083A1791435CB9B0032B285 /* changePwd24x24.png */ = {isa = PBXFileReference; lastKnownFileType = image.png; path = changePwd24x24.png; sourceTree = "<group>"; };
		A0CD69651430C24A00EDE45F /* export20x20.png */ = {isa = PBXFileReference; lastKnownFileType = image.png; path = export20x20.png; sourceTree = "<group>"; };
		A0FD0E4414165D8E009C7257 /* AttributeInfo.h */ = {isa = PBXFileReference; fileEncoding = 4; lastKnownFileType = sourcecode.c.h; path = AttributeInfo.h; sourceTree = "<group>"; };
		A0FD0E4514165D8E009C7257 /* AttributeInfo.m */ = {isa = PBXFileReference; fileEncoding = 4; lastKnownFileType = sourcecode.c.objc; path = AttributeInfo.m; sourceTree = "<group>"; };
		A0FD0E4B14166C32009C7257 /* MailListDataEntryCell.h */ = {isa = PBXFileReference; fileEncoding = 4; lastKnownFileType = sourcecode.c.h; path = MailListDataEntryCell.h; sourceTree = "<group>"; };
		A0FD0E4C14166C32009C7257 /* MailListDataEntryCell.m */ = {isa = PBXFileReference; fileEncoding = 4; lastKnownFileType = sourcecode.c.objc; path = MailListDataEntryCell.m; sourceTree = "<group>"; };
		A0FD0E4E14168462009C7257 /* MailListDataEntryCell.xib */ = {isa = PBXFileReference; fileEncoding = 4; lastKnownFileType = file.xib; path = MailListDataEntryCell.xib; sourceTree = "<group>"; };
		AB4FD3FF07C2724C371241AE /* Pods-KeyChain.release.xcconfig */ = {isa = PBXFileReference; includeInIndex = 1; lastKnownFileType = text.xcconfig; name = "Pods-KeyChain.release.xcconfig"; path = "Pods/Target Support Files/Pods-KeyChain/Pods-KeyChain.release.xcconfig"; sourceTree = "<group>"; };
		B7215212CD6E1D980A9032F6 /* Pods-KeyChain.debug.xcconfig */ = {isa = PBXFileReference; includeInIndex = 1; lastKnownFileType = text.xcconfig; name = "Pods-KeyChain.debug.xcconfig"; path = "Pods/Target Support Files/Pods-KeyChain/Pods-KeyChain.debug.xcconfig"; sourceTree = "<group>"; };
/* End PBXFileReference section */

/* Begin PBXFrameworksBuildPhase section */
		1D60588F0D05DD3D006BFB54 /* Frameworks */ = {
			isa = PBXFrameworksBuildPhase;
			buildActionMask = 2147483647;
			files = (
				5F6C47811535C4F20092F552 /* Security.framework in Frameworks */,
				5FD68C9414E40E2200B57E0C /* QuartzCore.framework in Frameworks */,
				A012116A142269B2000AA884 /* AVFoundation.framework in Frameworks */,
				1D60589F0D05DD5A006BFB54 /* Foundation.framework in Frameworks */,
				1DF5F4E00D08C38300B7A737 /* UIKit.framework in Frameworks */,
				2892E4100DC94CBA00A64D0F /* CoreGraphics.framework in Frameworks */,
				28860BE50F44EE6400985440 /* CoreData.framework in Frameworks */,
				5FEA98E512B981950034ADC1 /* libsqlite3.0.dylib in Frameworks */,
				AFFA6555B58759E4BF7123D2 /* Pods_KeyChain.framework in Frameworks */,
			);
			runOnlyForDeploymentPostprocessing = 0;
		};
		5F1FBA1B1C307E7A005B00A5 /* Frameworks */ = {
			isa = PBXFrameworksBuildPhase;
			buildActionMask = 2147483647;
			files = (
			);
			runOnlyForDeploymentPostprocessing = 0;
		};
/* End PBXFrameworksBuildPhase section */

/* Begin PBXGroup section */
		19C28FACFE9D520D11CA2CBB /* Products */ = {
			isa = PBXGroup;
			children = (
				1D6058910D05DD3D006BFB54 /* KeyChain.app */,
				5F1FBA1E1C307E7A005B00A5 /* keychain2Tests.xctest */,
			);
			name = Products;
			sourceTree = "<group>";
		};
		29B97314FDCFA39411CA2CEA /* CustomTemplate */ = {
			isa = PBXGroup;
			children = (
				5FDEE6791DCCEFE5005BE572 /* KeyChain.entitlements */,
				A082214C19F4649700FC7BFD /* UIXML.podspec */,
				A082214D19F4649700FC7BFD /* ZKRevealingTableViewCell.podspec */,
				A082214919F45FE300FC7BFD /* WEPopover.podspec */,
				A02BB72B159C5752001FD5AA /* podfile */,
				5F3F58511EEB547700D21830 /* UIXML */,
				5F3486BF160B83D200F2C1A2 /* datamodel */,
				5FC6508F160933A9003BC18F /* Migration */,
				5FA71BE815E968DB001AFCCF /* Export */,
				5FA71BE915E96913001AFCCF /* Import */,
				5FA71BE715E94CB0001AFCCF /* KeyForm */,
				5F0FC7D515D522FD00C68EA2 /* Login */,
				5FB1293815CAFB18007365C5 /* SectionKeyList */,
				5FD37D4715CDD005008F9F1D /* KeyList */,
				5F052D8F15CBEA6E00330214 /* Commons */,
				A01C680F1DD487100086A1B6 /* popup */,
				5F084FC115BAEFA600059E26 /* Cell */,
				5FACE35F15B62006007B45FE /* Security */,
				5F6F634714FE4504004C1337 /* DragDrop */,
				5FA3A4B712DC7703009BE36C /* Classes */,
				29B97315FDCFA39411CA2CEA /* Other Sources */,
				29B97317FDCFA39411CA2CEA /* Resources */,
				5F1FBA1F1C307E7A005B00A5 /* keychain2Tests */,
				29B97323FDCFA39411CA2CEA /* Frameworks */,
				19C28FACFE9D520D11CA2CBB /* Products */,
				786A09BBBC7DEDE3CF38CEA2 /* Pods */,
			);
			name = CustomTemplate;
			sourceTree = "<group>";
		};
		29B97315FDCFA39411CA2CEA /* Other Sources */ = {
			isa = PBXGroup;
			children = (
				5F7781841BBD1783007B37B5 /* KeyChain-Bridging-Header.h */,
				28A0AAE50D9B0CCF005BE974 /* KeyChain_Prefix.pch */,
				29B97316FDCFA39411CA2CEA /* main.m */,
			);
			name = "Other Sources";
			sourceTree = "<group>";
		};
		29B97317FDCFA39411CA2CEA /* Resources */ = {
			isa = PBXGroup;
			children = (
				A02BB730159C57F8001FD5AA /* WEPopover */,
				5F82059C15D4109000862BC2 /* swipeR@18x24.png */,
				5FC717E615C6EE6F00836CED /* swipeL@18x24.png */,
				5F084FC015B9641400059E26 /* key22x22.png */,
				5F18B47715B7016F00F7D82A /* section22x22.png */,
				5F18B47515B6FA7600F7D82A /* lock22x22.png */,
				5F544F7313F82E350001A8B5 /* logo-57x57.png */,
				5FF78F2E12E5A481008EA886 /* logo-64x64.png */,
				A02BB722159C4DFA001FD5AA /* back32x32.png */,
				5F31B3BD1612E41500AE69CD /* keychain-desktop1024x1024.png */,
				A02BB723159C4DFA001FD5AA /* keychain-desktop-512x512.png */,
				5FD3D1471525E8B5005D7E67 /* youtube199x68.png */,
				5F2718FF15250CEB00C5BBA3 /* InfoViewController.xib */,
				5F2718FB152508E800C5BBA3 /* info34x34.png */,
				5FD466F11441A81100A39BEE /* import20x20.png */,
				5F6F343B143F49EC00D9C428 /* usb48x48.png */,
				A083A1791435CB9B0032B285 /* changePwd24x24.png */,
				A0CD69651430C24A00EDE45F /* export20x20.png */,
				A0759F2014305DBE000701EF /* settings20x20.png */,
				5F17FB961416E9E4007D88F9 /* Localizable.strings */,
				5F129E0912EB607300BF9EF9 /* login32x32.png */,
				8D1107310486CEB800E47090 /* KeyChain-Info.plist */,
			);
			name = Resources;
			sourceTree = "<group>";
		};
		29B97323FDCFA39411CA2CEA /* Frameworks */ = {
			isa = PBXGroup;
			children = (
				5FF268F71B5FAA6C007440E7 /* libcommonCrypto.dylib */,
				5FEA98E412B981950034ADC1 /* libsqlite3.0.dylib */,
				5F3BD072143B352E00001F01 /* CoreData.framework */,
				A0121169142269B2000AA884 /* AVFoundation.framework */,
				5FD68C9314E40E2200B57E0C /* QuartzCore.framework */,
				5F6C47801535C4F20092F552 /* Security.framework */,
				1DF5F4DF0D08C38300B7A737 /* UIKit.framework */,
				1D30AB110D05D00D00671497 /* Foundation.framework */,
				2892E40F0DC94CBA00A64D0F /* CoreGraphics.framework */,
				28860BE40F44EE6400985440 /* CoreData.framework */,
				5078F8982C97BF318D752C05 /* Pods.framework */,
				543C1920926D2D6274CFD3E7 /* Pods_KeyChain.framework */,
			);
			name = Frameworks;
			sourceTree = "<group>";
		};
		5F052D8F15CBEA6E00330214 /* Commons */ = {
			isa = PBXGroup;
			children = (
				5F052D9015CBEADA00330214 /* OptionPane.h */,
				5F052D9115CBEADA00330214 /* OptionPane.m */,
				5F052D8815CBE90900330214 /* iToast.h */,
				5F052D8915CBE90900330214 /* iToast.m */,
			);
			name = Commons;
			sourceTree = "<group>";
		};
		5F084FC115BAEFA600059E26 /* Cell */ = {
			isa = PBXGroup;
			children = (
				A0FD0E4B14166C32009C7257 /* MailListDataEntryCell.h */,
				A0FD0E4C14166C32009C7257 /* MailListDataEntryCell.m */,
				A0FD0E4E14168462009C7257 /* MailListDataEntryCell.xib */,
				5F084FC215BAF09100059E26 /* KeyCell.xib */,
				5F82059E15D4144400862BC2 /* UIPasswordLabel.h */,
				5F82059F15D4144400862BC2 /* UIPasswordLabel.m */,
				5F8205A115D41FC600862BC2 /* KeyTableViewCell.h */,
				5F8205A215D41FC600862BC2 /* KeyTableViewCell.m */,
				5F3F58041EEAF1C100D21830 /* PushLinkPreview.swift */,
				5F3F58081EEB068D00D21830 /* PushLinkPreviewCell.xib */,
			);
			name = Cell;
			sourceTree = "<group>";
		};
		5F0FC7D515D522FD00C68EA2 /* Login */ = {
			isa = PBXGroup;
			children = (
				5F04E6E112E368C800370F50 /* KeyChainLogin.h */,
				5F04E6E212E368C800370F50 /* KeyChainLogin.m */,
				5F04E6E312E368C800370F50 /* KeyChainLogin.xib */,
			);
			name = Login;
			sourceTree = "<group>";
		};
		5F1FBA1F1C307E7A005B00A5 /* keychain2Tests */ = {
			isa = PBXGroup;
			children = (
				5F1FBA201C307E7A005B00A5 /* keychain2Tests.swift */,
				5F1FBA221C307E7A005B00A5 /* Info.plist */,
			);
			path = keychain2Tests;
			sourceTree = "<group>";
		};
		5F3486BF160B83D200F2C1A2 /* datamodel */ = {
			isa = PBXGroup;
			children = (
				5F44CC6C1C4C3EBE007003D6 /* model-1.1.xcmappingmodel */,
				5F44CC6D1C4C3EBE007003D6 /* model-1.2.xcmappingmodel */,
				5F44CC6E1C4C3EBE007003D6 /* model-1.3.xcmappingmodel */,
				5F30A47F1610E3AD005BAE36 /* KeyChain.xcdatamodeld */,
				5F44CC681C4C3D62007003D6 /* KeyChain-1.3.xcdatamodel */,
				5F0006D61C312424002BD9EC /* KeyEntity.swift */,
			);
			name = datamodel;
			sourceTree = "<group>";
		};
		5F3F58511EEB547700D21830 /* UIXML */ = {
			isa = PBXGroup;
			children = (
				5F3F58521EEB547700D21830 /* back24x24.png */,
				5F3F58531EEB547700D21830 /* BaseDataEntryCell.h */,
				5F3F58541EEB547700D21830 /* BaseDataEntryCell.m */,
				5F3F58551EEB547700D21830 /* chevron.png */,
				5F3F58561EEB547700D21830 /* confirm24x24.png */,
				5F3F58571EEB547700D21830 /* edit32x32.png */,
				5F3F58581EEB547700D21830 /* MailDataEntryCell.xib */,
				5F3F58591EEB547700D21830 /* PushControllerDataEntryCell.h */,
				5F3F585A1EEB547700D21830 /* PushControllerDataEntryCell.m */,
				5F3F585B1EEB547700D21830 /* PushDateEntryCell.h */,
				5F3F585C1EEB547700D21830 /* PushDateEntryCell.m */,
				5F3F585D1EEB547700D21830 /* PushDateEntryCell.xib */,
				5F3F585E1EEB547700D21830 /* PushFormDataEntryCell.h */,
				5F3F585F1EEB547700D21830 /* PushFormDataEntryCell.m */,
				5F3F58601EEB547700D21830 /* PushFormDataEntryCell.xib */,
				5F3F58611EEB547700D21830 /* PushTextEntryCell.h */,
				5F3F58621EEB547700D21830 /* PushTextEntryCell.m */,
				5F3F58631EEB547700D21830 /* PushTextEntryCell.xib */,
				5F3F58641EEB547700D21830 /* PushWebViewEntryCell.h */,
				5F3F58651EEB547700D21830 /* PushWebViewEntryCell.m */,
				5F3F58661EEB547700D21830 /* PushWebViewEntryCell.xib */,
				5F3F58671EEB547700D21830 /* README.md */,
				5F3F58681EEB547700D21830 /* SegmentedDataEntryCell.h */,
				5F3F58691EEB547700D21830 /* SegmentedDataEntryCell.m */,
				5F3F586A1EEB547700D21830 /* SwitchDataEntryCell.h */,
				5F3F586B1EEB547700D21830 /* SwitchDataEntryCell.m */,
				5F3F586C1EEB547700D21830 /* SwitchDataEntryCell.xib */,
				5F3F586D1EEB547700D21830 /* TextDataEntryCell.h */,
				5F3F586E1EEB547700D21830 /* TextDataEntryCell.m */,
				5F3F586F1EEB547700D21830 /* TextDataEntryCell.xib */,
				5F3F58701EEB547700D21830 /* UIXML.h */,
				5F3F58711EEB547700D21830 /* UIXMLFormViewController.h */,
				5F3F58721EEB547700D21830 /* UIXMLFormViewController.m */,
				5F3F58731EEB547700D21830 /* UIXMLFormViewControllerDelegate.h */,
				5F3F58741EEB547700D21830 /* WaitMaskController.h */,
				5F3F58751EEB547700D21830 /* WaitMaskController.m */,
				5F3F58761EEB547700D21830 /* write32x32.png */,
			);
			path = UIXML;
			sourceTree = "<group>";
		};
		5F6F634714FE4504004C1337 /* DragDrop */ = {
			isa = PBXGroup;
			children = (
				5F6F634814FE4521004C1337 /* DDTableViewManager.h */,
				5F6F634914FE4521004C1337 /* DDTableViewManager.m */,
			);
			name = DragDrop;
			sourceTree = "<group>";
		};
		5FA3A4B712DC7703009BE36C /* Classes */ = {
			isa = PBXGroup;
			children = (
				A02BB728159C4E38001FD5AA /* UIAlertViewInputSection.h */,
				A02BB729159C4E38001FD5AA /* UIAlertViewInputSection.m */,
				5F2718FD15250CEB00C5BBA3 /* InfoViewController.h */,
				5F2718FE15250CEB00C5BBA3 /* InfoViewController.m */,
				A0FD0E4414165D8E009C7257 /* AttributeInfo.h */,
				A0FD0E4514165D8E009C7257 /* AttributeInfo.m */,
				5FA3A4B812DC7730009BE36C /* KeyChainAppDelegate.h */,
				5FA3A4B912DC7730009BE36C /* KeyChainAppDelegate.m */,
				5FA3A4BC12DC7730009BE36C /* PersistentAppDelegate.h */,
				5FA3A4BD12DC7730009BE36C /* PersistentAppDelegate.m */,
				5FA3A4BE12DC7730009BE36C /* RootViewController.h */,
				5FA3A4BF12DC7730009BE36C /* RootViewController.m */,
				2899E55F0DE3E45000AC0155 /* RootViewController.xib */,
				28AD735F0D9D9599002E5188 /* MainWindow.xib */,
			);
			name = Classes;
			sourceTree = "<group>";
		};
		5FA71BE715E94CB0001AFCCF /* KeyForm */ = {
			isa = PBXGroup;
			children = (
				5FA3A4CC12DC780B009BE36C /* KeyEntityFormController.h */,
				5FA3A4CD12DC780B009BE36C /* KeyEntityFormController.m */,
				5FA3A4CE12DC780B009BE36C /* KeyEntityFormController.xib */,
				5FA3A4FF12DC7C8A009BE36C /* KeyEntityForm.plist */,
			);
			name = KeyForm;
			sourceTree = "<group>";
		};
		5FA71BE815E968DB001AFCCF /* Export */ = {
			isa = PBXGroup;
			children = (
				5F6F3438143F315500D9C428 /* ExportViewController.h */,
				5F6F3439143F315500D9C428 /* ExportViewController.m */,
			);
			name = Export;
			sourceTree = "<group>";
		};
		5FA71BE915E96913001AFCCF /* Import */ = {
			isa = PBXGroup;
			children = (
				5FD466EC1441A5C600A39BEE /* ImportViewController.h */,
				5FD466ED1441A5C600A39BEE /* ImportViewController.m */,
			);
			name = Import;
			sourceTree = "<group>";
		};
		5FACE35F15B62006007B45FE /* Security */ = {
			isa = PBXGroup;
			children = (
				5F7781851BBD1784007B37B5 /* AccountCredential.swift */,
			);
			name = Security;
			sourceTree = "<group>";
		};
		5FB1293815CAFB18007365C5 /* SectionKeyList */ = {
			isa = PBXGroup;
			children = (
				5FB1293C15CAFCED007365C5 /* SectionKeyListViewController.h */,
				5FB1293D15CAFCED007365C5 /* SectionKeyListViewController.m */,
			);
			name = SectionKeyList;
			sourceTree = "<group>";
		};
		5FC6508F160933A9003BC18F /* Migration */ = {
			isa = PBXGroup;
			children = (
				5F31B3BF1612E8BC00AE69CD /* Default@2x.png */,
				5FC6509916093451003BC18F /* Default-568h@2x.png */,
				5FC6509A16093451003BC18F /* YIDefault@2x.png */,
				5FC65090160933F1003BC18F /* YISplashScreen.h */,
				5FC65091160933F1003BC18F /* YISplashScreen.m */,
				5FC65092160933F1003BC18F /* YISplashScreen+Migration.h */,
				5FC65093160933F1003BC18F /* YISplashScreen+Migration.m */,
				5FC65094160933F1003BC18F /* YISplashScreenAnimation.h */,
				5FC65095160933F1003BC18F /* YISplashScreenAnimation.m */,
			);
			name = Migration;
			sourceTree = "<group>";
		};
		5FD37D4715CDD005008F9F1D /* KeyList */ = {
			isa = PBXGroup;
			children = (
				5F8B67EA14471B7E00A767AE /* KeyListDataSource.h */,
				5FFC754E14E5B06800E3E162 /* KeyListViewController.h */,
				5FFC754F14E5B06800E3E162 /* KeyListViewController.m */,
			);
			name = KeyList;
			sourceTree = "<group>";
		};
		786A09BBBC7DEDE3CF38CEA2 /* Pods */ = {
			isa = PBXGroup;
			children = (
				B7215212CD6E1D980A9032F6 /* Pods-KeyChain.debug.xcconfig */,
				AB4FD3FF07C2724C371241AE /* Pods-KeyChain.release.xcconfig */,
			);
			name = Pods;
			sourceTree = "<group>";
		};
		A01C680F1DD487100086A1B6 /* popup */ = {
			isa = PBXGroup;
			children = (
				A01C68141DD4F02D0086A1B6 /* SwiftBadge.swift */,
				A01C68101DD4876A0086A1B6 /* AddEmailPopupController.swift */,
				A01C68111DD4876A0086A1B6 /* AddEmailPopupController.xib */,
			);
			name = popup;
			sourceTree = "<group>";
		};
		A02BB730159C57F8001FD5AA /* WEPopover */ = {
			isa = PBXGroup;
			children = (
				A02BB731159C5829001FD5AA /* popoverArrowDown.png */,
				A02BB732159C5829001FD5AA /* popoverArrowDown@2x.png */,
				A02BB733159C5829001FD5AA /* popoverArrowDownSimple.png */,
				A02BB734159C5829001FD5AA /* popoverArrowLeft.png */,
				A02BB735159C5829001FD5AA /* popoverArrowLeft@2x.png */,
				A02BB736159C5829001FD5AA /* popoverArrowLeftSimple.png */,
				A02BB737159C5829001FD5AA /* popoverArrowRight.png */,
				A02BB738159C5829001FD5AA /* popoverArrowRight@2x.png */,
				A02BB739159C5829001FD5AA /* popoverArrowRightSimple.png */,
				A02BB73A159C5829001FD5AA /* popoverArrowUp.png */,
				A02BB73B159C5829001FD5AA /* popoverArrowUp@2x.png */,
				A02BB73C159C5829001FD5AA /* popoverArrowUpSimple.png */,
				A02BB73D159C5829001FD5AA /* popoverBg.png */,
				A02BB73E159C5829001FD5AA /* popoverBg@2x.png */,
				A02BB73F159C5829001FD5AA /* popoverBgSimple.png */,
			);
			name = WEPopover;
			sourceTree = "<group>";
		};
/* End PBXGroup section */

/* Begin PBXNativeTarget section */
		1D6058900D05DD3D006BFB54 /* KeyChain */ = {
			isa = PBXNativeTarget;
			buildConfigurationList = 1D6058960D05DD3E006BFB54 /* Build configuration list for PBXNativeTarget "KeyChain" */;
			buildPhases = (
				1CEB5505A3AF47737306B318 /* [CP] Check Pods Manifest.lock */,
				1D60588D0D05DD3D006BFB54 /* Resources */,
				1D60588E0D05DD3D006BFB54 /* Sources */,
				1D60588F0D05DD3D006BFB54 /* Frameworks */,
				4BD0BAB6DBD357FFE29802D0 /* [CP] Embed Pods Frameworks */,
				7F3FB316EBB622E3BE7E7545 /* [CP] Copy Pods Resources */,
			);
			buildRules = (
			);
			dependencies = (
			);
			name = KeyChain;
			productName = KeyChain;
			productReference = 1D6058910D05DD3D006BFB54 /* KeyChain.app */;
			productType = "com.apple.product-type.application";
		};
		5F1FBA1D1C307E7A005B00A5 /* keychain2Tests */ = {
			isa = PBXNativeTarget;
			buildConfigurationList = 5F1FBA271C307E7A005B00A5 /* Build configuration list for PBXNativeTarget "keychain2Tests" */;
			buildPhases = (
				5F1FBA1A1C307E7A005B00A5 /* Sources */,
				5F1FBA1B1C307E7A005B00A5 /* Frameworks */,
				5F1FBA1C1C307E7A005B00A5 /* Resources */,
			);
			buildRules = (
			);
			dependencies = (
				5F1FBA241C307E7A005B00A5 /* PBXTargetDependency */,
			);
			name = keychain2Tests;
			productName = keychain2Tests;
			productReference = 5F1FBA1E1C307E7A005B00A5 /* keychain2Tests.xctest */;
			productType = "com.apple.product-type.bundle.unit-test";
		};
/* End PBXNativeTarget section */

/* Begin PBXProject section */
		29B97313FDCFA39411CA2CEA /* Project object */ = {
			isa = PBXProject;
			attributes = {
				LastSwiftUpdateCheck = 0720;
				LastUpgradeCheck = 0810;
				ORGANIZATIONNAME = SOFTPHONE;
				TargetAttributes = {
					1D6058900D05DD3D006BFB54 = {
						DevelopmentTeam = 48J595L9BX;
						LastSwiftMigration = 0810;
						SystemCapabilities = {
							com.apple.Keychain = {
								enabled = 1;
							};
						};
					};
					5F1FBA1D1C307E7A005B00A5 = {
						CreatedOnToolsVersion = 7.2;
						LastSwiftMigration = 0810;
						TestTargetID = 1D6058900D05DD3D006BFB54;
					};
				};
			};
			buildConfigurationList = C01FCF4E08A954540054247B /* Build configuration list for PBXProject "KeyChain" */;
			compatibilityVersion = "Xcode 3.2";
			developmentRegion = English;
			hasScannedForEncodings = 1;
			knownRegions = (
				English,
				Japanese,
				French,
				German,
				en,
			);
			mainGroup = 29B97314FDCFA39411CA2CEA /* CustomTemplate */;
			productRefGroup = 19C28FACFE9D520D11CA2CBB /* Products */;
			projectDirPath = "";
			projectRoot = "";
			targets = (
				1D6058900D05DD3D006BFB54 /* KeyChain */,
				5F1FBA1D1C307E7A005B00A5 /* keychain2Tests */,
			);
		};
/* End PBXProject section */

/* Begin PBXResourcesBuildPhase section */
		1D60588D0D05DD3D006BFB54 /* Resources */ = {
			isa = PBXResourcesBuildPhase;
			buildActionMask = 2147483647;
			files = (
				A01C68131DD4876A0086A1B6 /* AddEmailPopupController.xib in Resources */,
				28AD73600D9D9599002E5188 /* MainWindow.xib in Resources */,
				2899E5600DE3E45000AC0155 /* RootViewController.xib in Resources */,
				5F3F587A1EEB547700D21830 /* confirm24x24.png in Resources */,
				5FA3A4D012DC780B009BE36C /* KeyEntityFormController.xib in Resources */,
				5FA3A50012DC7C8A009BE36C /* KeyEntityForm.plist in Resources */,
				5F04E6E512E368C800370F50 /* KeyChainLogin.xib in Resources */,
				5FF78F2F12E5A481008EA886 /* logo-64x64.png in Resources */,
				5F129E0A12EB607300BF9EF9 /* login32x32.png in Resources */,
				5F544F7413F82E350001A8B5 /* logo-57x57.png in Resources */,
				A0FD0E4F14168462009C7257 /* MailListDataEntryCell.xib in Resources */,
				5F17FB981416E9E4007D88F9 /* Localizable.strings in Resources */,
				A0759F2114305DBE000701EF /* settings20x20.png in Resources */,
				A0CD69661430C24A00EDE45F /* export20x20.png in Resources */,
				5F3F58091EEB068D00D21830 /* PushLinkPreviewCell.xib in Resources */,
				A083A17A1435CB9B0032B285 /* changePwd24x24.png in Resources */,
				5F3F58831EEB547700D21830 /* PushTextEntryCell.xib in Resources */,
				5F6F343C143F49EC00D9C428 /* usb48x48.png in Resources */,
				5FD466F21441A81100A39BEE /* import20x20.png in Resources */,
				5F2718FC152508E800C5BBA3 /* info34x34.png in Resources */,
				5F27190115250CEB00C5BBA3 /* InfoViewController.xib in Resources */,
				5FD3D1481525E8B5005D7E67 /* youtube199x68.png in Resources */,
				A02BB725159C4DFA001FD5AA /* back32x32.png in Resources */,
				A02BB726159C4DFA001FD5AA /* keychain-desktop-512x512.png in Resources */,
				A02BB72C159C5752001FD5AA /* podfile in Resources */,
				A02BB740159C5829001FD5AA /* popoverArrowDown.png in Resources */,
				5F3F587C1EEB547700D21830 /* MailDataEntryCell.xib in Resources */,
				A02BB741159C5829001FD5AA /* popoverArrowDown@2x.png in Resources */,
				A02BB742159C5829001FD5AA /* popoverArrowDownSimple.png in Resources */,
				A02BB743159C5829001FD5AA /* popoverArrowLeft.png in Resources */,
				A02BB744159C5829001FD5AA /* popoverArrowLeft@2x.png in Resources */,
				A02BB745159C5829001FD5AA /* popoverArrowLeftSimple.png in Resources */,
				5F3F587F1EEB547700D21830 /* PushDateEntryCell.xib in Resources */,
				A02BB746159C5829001FD5AA /* popoverArrowRight.png in Resources */,
				A02BB747159C5829001FD5AA /* popoverArrowRight@2x.png in Resources */,
				A02BB748159C5829001FD5AA /* popoverArrowRightSimple.png in Resources */,
				5F3F587B1EEB547700D21830 /* edit32x32.png in Resources */,
				A02BB749159C5829001FD5AA /* popoverArrowUp.png in Resources */,
				A02BB74A159C5829001FD5AA /* popoverArrowUp@2x.png in Resources */,
				A02BB74B159C5829001FD5AA /* popoverArrowUpSimple.png in Resources */,
				A02BB74C159C5829001FD5AA /* popoverBg.png in Resources */,
				A02BB74D159C5829001FD5AA /* popoverBg@2x.png in Resources */,
				A082215019F4649700FC7BFD /* ZKRevealingTableViewCell.podspec in Resources */,
				5F3F588E1EEB547700D21830 /* write32x32.png in Resources */,
				A02BB74E159C5829001FD5AA /* popoverBgSimple.png in Resources */,
				5F18B47615B6FA7600F7D82A /* lock22x22.png in Resources */,
				5F18B47815B7016F00F7D82A /* section22x22.png in Resources */,
				5F084FBE15B9641400059E26 /* key22x22.png in Resources */,
				5F084FC315BAF09100059E26 /* KeyCell.xib in Resources */,
				5FC717E715C6EE6F00836CED /* swipeL@18x24.png in Resources */,
				A082214A19F45FE300FC7BFD /* WEPopover.podspec in Resources */,
				5F82059D15D4109000862BC2 /* swipeR@18x24.png in Resources */,
				5F3F588B1EEB547700D21830 /* TextDataEntryCell.xib in Resources */,
				5F3F58891EEB547700D21830 /* SwitchDataEntryCell.xib in Resources */,
				5F3F58851EEB547700D21830 /* PushWebViewEntryCell.xib in Resources */,
				5F3F58811EEB547700D21830 /* PushFormDataEntryCell.xib in Resources */,
				5F3F58791EEB547700D21830 /* chevron.png in Resources */,
				5F3F58771EEB547700D21830 /* back24x24.png in Resources */,
				5FC6509B16093451003BC18F /* Default-568h@2x.png in Resources */,
				5FC6509C16093451003BC18F /* YIDefault@2x.png in Resources */,
				5F31B3BE1612E41500AE69CD /* keychain-desktop1024x1024.png in Resources */,
				5F31B3C01612E8BC00AE69CD /* Default@2x.png in Resources */,
			);
			runOnlyForDeploymentPostprocessing = 0;
		};
		5F1FBA1C1C307E7A005B00A5 /* Resources */ = {
			isa = PBXResourcesBuildPhase;
			buildActionMask = 2147483647;
			files = (
			);
			runOnlyForDeploymentPostprocessing = 0;
		};
/* End PBXResourcesBuildPhase section */

/* Begin PBXShellScriptBuildPhase section */
		1CEB5505A3AF47737306B318 /* [CP] Check Pods Manifest.lock */ = {
			isa = PBXShellScriptBuildPhase;
			buildActionMask = 2147483647;
			files = (
			);
			inputPaths = (
			);
			name = "[CP] Check Pods Manifest.lock";
			outputPaths = (
			);
			runOnlyForDeploymentPostprocessing = 0;
			shellPath = /bin/sh;
			shellScript = "diff \"${PODS_PODFILE_DIR_PATH}/Podfile.lock\" \"${PODS_ROOT}/Manifest.lock\" > /dev/null\nif [ $? != 0 ] ; then\n    # print error to STDERR\n    echo \"error: The sandbox is not in sync with the Podfile.lock. Run 'pod install' or update your CocoaPods installation.\" >&2\n    exit 1\nfi\n";
			showEnvVarsInLog = 0;
		};
		4BD0BAB6DBD357FFE29802D0 /* [CP] Embed Pods Frameworks */ = {
			isa = PBXShellScriptBuildPhase;
			buildActionMask = 2147483647;
			files = (
			);
			inputPaths = (
			);
			name = "[CP] Embed Pods Frameworks";
			outputPaths = (
			);
			runOnlyForDeploymentPostprocessing = 0;
			shellPath = /bin/sh;
			shellScript = "\"${SRCROOT}/Pods/Target Support Files/Pods-KeyChain/Pods-KeyChain-frameworks.sh\"\n";
			showEnvVarsInLog = 0;
		};
		7F3FB316EBB622E3BE7E7545 /* [CP] Copy Pods Resources */ = {
			isa = PBXShellScriptBuildPhase;
			buildActionMask = 2147483647;
			files = (
			);
			inputPaths = (
			);
			name = "[CP] Copy Pods Resources";
			outputPaths = (
			);
			runOnlyForDeploymentPostprocessing = 0;
			shellPath = /bin/sh;
			shellScript = "\"${SRCROOT}/Pods/Target Support Files/Pods-KeyChain/Pods-KeyChain-resources.sh\"\n";
			showEnvVarsInLog = 0;
		};
/* End PBXShellScriptBuildPhase section */

/* Begin PBXSourcesBuildPhase section */
		1D60588E0D05DD3D006BFB54 /* Sources */ = {
			isa = PBXSourcesBuildPhase;
			buildActionMask = 2147483647;
			files = (
				1D60589B0D05DD56006BFB54 /* main.m in Sources */,
				5FA3A4C012DC7730009BE36C /* KeyChainAppDelegate.m in Sources */,
				5FA3A4C212DC7730009BE36C /* PersistentAppDelegate.m in Sources */,
				5FA3A4C312DC7730009BE36C /* RootViewController.m in Sources */,
				5F3F58801EEB547700D21830 /* PushFormDataEntryCell.m in Sources */,
				5F3F58871EEB547700D21830 /* SegmentedDataEntryCell.m in Sources */,
				5FA3A4CF12DC780B009BE36C /* KeyEntityFormController.m in Sources */,
				5F04E6E412E368C800370F50 /* KeyChainLogin.m in Sources */,
				A0FD0E4614165D8E009C7257 /* AttributeInfo.m in Sources */,
				5F3F58781EEB547700D21830 /* BaseDataEntryCell.m in Sources */,
				5F3F58881EEB547700D21830 /* SwitchDataEntryCell.m in Sources */,
				5F3F587D1EEB547700D21830 /* PushControllerDataEntryCell.m in Sources */,
				5F44CC6F1C4C3EBE007003D6 /* model-1.1.xcmappingmodel in Sources */,
				A0FD0E4D14166C32009C7257 /* MailListDataEntryCell.m in Sources */,
				5F3F588D1EEB547700D21830 /* WaitMaskController.m in Sources */,
				5F6F343A143F315500D9C428 /* ExportViewController.m in Sources */,
				5FD466EF1441A5C600A39BEE /* ImportViewController.m in Sources */,
				5F44CC701C4C3EBE007003D6 /* model-1.2.xcmappingmodel in Sources */,
				5FFC755014E5B06800E3E162 /* KeyListViewController.m in Sources */,
				5F6F634A14FE4521004C1337 /* DDTableViewManager.m in Sources */,
				5F27190015250CEB00C5BBA3 /* InfoViewController.m in Sources */,
				5F3F587E1EEB547700D21830 /* PushDateEntryCell.m in Sources */,
				A02BB72A159C4E38001FD5AA /* UIAlertViewInputSection.m in Sources */,
				5FB1293F15CAFCED007365C5 /* SectionKeyListViewController.m in Sources */,
				5F052D8A15CBE90900330214 /* iToast.m in Sources */,
				5F3F58821EEB547700D21830 /* PushTextEntryCell.m in Sources */,
				5F052D9415CBEADA00330214 /* OptionPane.m in Sources */,
				5F0006D71C312424002BD9EC /* KeyEntity.swift in Sources */,
				5F8205A015D4144400862BC2 /* UIPasswordLabel.m in Sources */,
				5F8205A315D41FC600862BC2 /* KeyTableViewCell.m in Sources */,
				5FC65096160933F1003BC18F /* YISplashScreen.m in Sources */,
				5F7781861BBD1784007B37B5 /* AccountCredential.swift in Sources */,
				5F3F58861EEB547700D21830 /* README.md in Sources */,
				5F3F58051EEAF1C100D21830 /* PushLinkPreview.swift in Sources */,
				5FC65097160933F1003BC18F /* YISplashScreen+Migration.m in Sources */,
				5F3F588C1EEB547700D21830 /* UIXMLFormViewController.m in Sources */,
				5FC65098160933F1003BC18F /* YISplashScreenAnimation.m in Sources */,
				5F3F58841EEB547700D21830 /* PushWebViewEntryCell.m in Sources */,
				5F44CC711C4C3EBE007003D6 /* model-1.3.xcmappingmodel in Sources */,
				5F30A4841610E3AD005BAE36 /* KeyChain.xcdatamodeld in Sources */,
				5F44CC691C4C3D62007003D6 /* KeyChain-1.3.xcdatamodel in Sources */,
				5F3F588A1EEB547700D21830 /* TextDataEntryCell.m in Sources */,
			);
			runOnlyForDeploymentPostprocessing = 0;
		};
		5F1FBA1A1C307E7A005B00A5 /* Sources */ = {
			isa = PBXSourcesBuildPhase;
			buildActionMask = 2147483647;
			files = (
				5F1FBA211C307E7A005B00A5 /* keychain2Tests.swift in Sources */,
			);
			runOnlyForDeploymentPostprocessing = 0;
		};
/* End PBXSourcesBuildPhase section */

/* Begin PBXTargetDependency section */
		5F1FBA241C307E7A005B00A5 /* PBXTargetDependency */ = {
			isa = PBXTargetDependency;
			target = 1D6058900D05DD3D006BFB54 /* KeyChain */;
			targetProxy = 5F1FBA231C307E7A005B00A5 /* PBXContainerItemProxy */;
		};
/* End PBXTargetDependency section */

/* Begin PBXVariantGroup section */
		5F084FC015B9641400059E26 /* key22x22.png */ = {
			isa = PBXVariantGroup;
			children = (
				5F084FBF15B9641400059E26 /* en */,
			);
			name = key22x22.png;
			sourceTree = "<group>";
		};
		5F17FB961416E9E4007D88F9 /* Localizable.strings */ = {
			isa = PBXVariantGroup;
			children = (
				5F17FB971416E9E4007D88F9 /* en */,
			);
			name = Localizable.strings;
			sourceTree = "<group>";
		};
/* End PBXVariantGroup section */

/* Begin XCBuildConfiguration section */
		1D6058940D05DD3E006BFB54 /* Debug */ = {
			isa = XCBuildConfiguration;
			baseConfigurationReference = B7215212CD6E1D980A9032F6 /* Pods-KeyChain.debug.xcconfig */;
			buildSettings = {
				ALWAYS_EMBED_SWIFT_STANDARD_LIBRARIES = YES;
				ALWAYS_SEARCH_USER_PATHS = NO;
				CLANG_ALLOW_NON_MODULAR_INCLUDES_IN_FRAMEWORK_MODULES = YES;
				CLANG_ENABLE_MODULES = YES;
				CLANG_ENABLE_OBJC_ARC = YES;
				CODE_SIGN_ENTITLEMENTS = KeyChain.entitlements;
				CODE_SIGN_IDENTITY = "iPhone Developer";
				"CODE_SIGN_IDENTITY[sdk=iphoneos*]" = "iPhone Developer";
				COPY_PHASE_STRIP = NO;
				DSTROOT = /tmp/xcodeproj.dst;
				GCC_DYNAMIC_NO_PIC = NO;
				GCC_OPTIMIZATION_LEVEL = 0;
				GCC_PRECOMPILE_PREFIX_HEADER = NO;
				GCC_PREFIX_HEADER = KeyChain_Prefix.pch;
				GCC_PREPROCESSOR_DEFINITIONS_NOT_USED_IN_PRECOMPS = "";
				GCC_THUMB_SUPPORT = NO;
				GCC_VERSION = com.apple.compilers.llvm.clang.1_0;
				HEADER_SEARCH_PATHS = "";
				INFOPLIST_FILE = "KeyChain-Info.plist";
				IPHONEOS_DEPLOYMENT_TARGET = 8.0;
				LD_RUNPATH_SEARCH_PATHS = "$(inherited) @executable_path/Frameworks";
				PRODUCT_BUNDLE_IDENTIFIER = org.bsc.keychain;
				PRODUCT_NAME = KeyChain;
				PROVISIONING_PROFILE = "";
				"PROVISIONING_PROFILE[sdk=iphoneos*]" = "";
				SDKROOT = iphoneos;
				SKIP_INSTALL = YES;
				SWIFT_OBJC_BRIDGING_HEADER = "KeyChain-Bridging-Header.h";
				SWIFT_OPTIMIZATION_LEVEL = "-Onone";
				SWIFT_VERSION = 3.0;
				TARGETED_DEVICE_FAMILY = 1;
			};
			name = Debug;
		};
		1D6058950D05DD3E006BFB54 /* Release */ = {
			isa = XCBuildConfiguration;
			baseConfigurationReference = AB4FD3FF07C2724C371241AE /* Pods-KeyChain.release.xcconfig */;
			buildSettings = {
				ALWAYS_EMBED_SWIFT_STANDARD_LIBRARIES = YES;
				ALWAYS_SEARCH_USER_PATHS = NO;
				CLANG_ALLOW_NON_MODULAR_INCLUDES_IN_FRAMEWORK_MODULES = YES;
				CLANG_ENABLE_MODULES = YES;
				CODE_SIGN_ENTITLEMENTS = KeyChain.entitlements;
				CODE_SIGN_IDENTITY = "iPhone Developer";
				"CODE_SIGN_IDENTITY[sdk=iphoneos*]" = "iPhone Developer";
				COPY_PHASE_STRIP = YES;
				DSTROOT = /tmp/xcodeproj.dst;
				GCC_PRECOMPILE_PREFIX_HEADER = NO;
				GCC_PREFIX_HEADER = KeyChain_Prefix.pch;
				GCC_PREPROCESSOR_DEFINITIONS_NOT_USED_IN_PRECOMPS = "";
				GCC_THUMB_SUPPORT = NO;
				GCC_VERSION = com.apple.compilers.llvm.clang.1_0;
				HEADER_SEARCH_PATHS = "";
				INFOPLIST_FILE = "KeyChain-Info.plist";
				IPHONEOS_DEPLOYMENT_TARGET = 8.0;
				LD_RUNPATH_SEARCH_PATHS = "$(inherited) @executable_path/Frameworks";
				PRODUCT_BUNDLE_IDENTIFIER = org.bsc.keychain;
				PRODUCT_NAME = KeyChain;
				PROVISIONING_PROFILE = "";
				"PROVISIONING_PROFILE[sdk=iphoneos*]" = "";
				SDKROOT = iphoneos;
				SKIP_INSTALL = NO;
				SWIFT_OBJC_BRIDGING_HEADER = "KeyChain-Bridging-Header.h";
				SWIFT_VERSION = 3.0;
				TARGETED_DEVICE_FAMILY = 1;
				VALIDATE_PRODUCT = YES;
			};
			name = Release;
		};
		5F1FBA251C307E7A005B00A5 /* Debug */ = {
			isa = XCBuildConfiguration;
			buildSettings = {
				ALWAYS_SEARCH_USER_PATHS = NO;
				BUNDLE_LOADER = "$(TEST_HOST)";
				CLANG_CXX_LANGUAGE_STANDARD = "gnu++0x";
				CLANG_CXX_LIBRARY = "libc++";
				CLANG_WARN_BOOL_CONVERSION = YES;
				CLANG_WARN_CONSTANT_CONVERSION = YES;
				CLANG_WARN_DIRECT_OBJC_ISA_USAGE = YES_ERROR;
				CLANG_WARN_EMPTY_BODY = YES;
				CLANG_WARN_ENUM_CONVERSION = YES;
				CLANG_WARN_INT_CONVERSION = YES;
				CLANG_WARN_OBJC_ROOT_CLASS = YES_ERROR;
				CLANG_WARN_UNREACHABLE_CODE = YES;
				CLANG_WARN__DUPLICATE_METHOD_MATCH = YES;
				COPY_PHASE_STRIP = NO;
				DEBUG_INFORMATION_FORMAT = dwarf;
				ENABLE_STRICT_OBJC_MSGSEND = YES;
				GCC_C_LANGUAGE_STANDARD = gnu99;
				GCC_DYNAMIC_NO_PIC = NO;
				GCC_NO_COMMON_BLOCKS = YES;
				GCC_OPTIMIZATION_LEVEL = 0;
				GCC_PREPROCESSOR_DEFINITIONS = (
					"DEBUG=1",
					"$(inherited)",
				);
				GCC_WARN_64_TO_32_BIT_CONVERSION = YES;
				GCC_WARN_ABOUT_RETURN_TYPE = YES_ERROR;
				GCC_WARN_UNDECLARED_SELECTOR = YES;
				GCC_WARN_UNINITIALIZED_AUTOS = YES_AGGRESSIVE;
				GCC_WARN_UNUSED_FUNCTION = YES;
				INFOPLIST_FILE = keychain2Tests/Info.plist;
				IPHONEOS_DEPLOYMENT_TARGET = 9.2;
				LD_RUNPATH_SEARCH_PATHS = "$(inherited) @executable_path/Frameworks @loader_path/Frameworks";
				MTL_ENABLE_DEBUG_INFO = YES;
				PRODUCT_BUNDLE_IDENTIFIER = org.bsc.keychain2Tests;
				PRODUCT_NAME = "$(TARGET_NAME)";
				SWIFT_OPTIMIZATION_LEVEL = "-Onone";
				SWIFT_VERSION = 3.0;
				TEST_HOST = "$(BUILT_PRODUCTS_DIR)/KeyChain.app/KeyChain";
			};
			name = Debug;
		};
		5F1FBA261C307E7A005B00A5 /* Release */ = {
			isa = XCBuildConfiguration;
			buildSettings = {
				ALWAYS_SEARCH_USER_PATHS = NO;
				BUNDLE_LOADER = "$(TEST_HOST)";
				CLANG_CXX_LANGUAGE_STANDARD = "gnu++0x";
				CLANG_CXX_LIBRARY = "libc++";
				CLANG_WARN_BOOL_CONVERSION = YES;
				CLANG_WARN_CONSTANT_CONVERSION = YES;
				CLANG_WARN_DIRECT_OBJC_ISA_USAGE = YES_ERROR;
				CLANG_WARN_EMPTY_BODY = YES;
				CLANG_WARN_ENUM_CONVERSION = YES;
				CLANG_WARN_INT_CONVERSION = YES;
				CLANG_WARN_OBJC_ROOT_CLASS = YES_ERROR;
				CLANG_WARN_UNREACHABLE_CODE = YES;
				CLANG_WARN__DUPLICATE_METHOD_MATCH = YES;
				"CODE_SIGN_IDENTITY[sdk=iphoneos*]" = "iPhone Developer";
				COPY_PHASE_STRIP = NO;
				DEBUG_INFORMATION_FORMAT = "dwarf-with-dsym";
				ENABLE_NS_ASSERTIONS = NO;
				ENABLE_STRICT_OBJC_MSGSEND = YES;
				GCC_C_LANGUAGE_STANDARD = gnu99;
				GCC_NO_COMMON_BLOCKS = YES;
				GCC_WARN_64_TO_32_BIT_CONVERSION = YES;
				GCC_WARN_ABOUT_RETURN_TYPE = YES_ERROR;
				GCC_WARN_UNDECLARED_SELECTOR = YES;
				GCC_WARN_UNINITIALIZED_AUTOS = YES_AGGRESSIVE;
				GCC_WARN_UNUSED_FUNCTION = YES;
				INFOPLIST_FILE = keychain2Tests/Info.plist;
				IPHONEOS_DEPLOYMENT_TARGET = 9.2;
				LD_RUNPATH_SEARCH_PATHS = "$(inherited) @executable_path/Frameworks @loader_path/Frameworks";
				MTL_ENABLE_DEBUG_INFO = NO;
				PRODUCT_BUNDLE_IDENTIFIER = org.bsc.keychain2Tests;
				PRODUCT_NAME = "$(TARGET_NAME)";
				SWIFT_VERSION = 3.0;
				TEST_HOST = "$(BUILT_PRODUCTS_DIR)/KeyChain.app/KeyChain";
				VALIDATE_PRODUCT = YES;
			};
			name = Release;
		};
		C01FCF4F08A954540054247B /* Debug */ = {
			isa = XCBuildConfiguration;
			buildSettings = {
				CLANG_ANALYZER_LOCALIZABILITY_NONLOCALIZED = YES;
				CLANG_ENABLE_MODULES = YES;
				CLANG_ENABLE_OBJC_ARC = YES;
				CLANG_WARN_BOOL_CONVERSION = YES;
				CLANG_WARN_CONSTANT_CONVERSION = YES;
				CLANG_WARN_EMPTY_BODY = YES;
				CLANG_WARN_ENUM_CONVERSION = YES;
				CLANG_WARN_INFINITE_RECURSION = YES;
				CLANG_WARN_INT_CONVERSION = YES;
				CLANG_WARN_SUSPICIOUS_MOVE = YES;
				CLANG_WARN_UNREACHABLE_CODE = YES;
				CLANG_WARN__DUPLICATE_METHOD_MATCH = YES;
				CODE_SIGN_IDENTITY = "iPhone Developer";
				"CODE_SIGN_IDENTITY[sdk=iphoneos*]" = "iPhone Developer";
				ENABLE_STRICT_OBJC_MSGSEND = YES;
				ENABLE_TESTABILITY = YES;
				GCC_C_LANGUAGE_STANDARD = c99;
				GCC_NO_COMMON_BLOCKS = YES;
				GCC_THUMB_SUPPORT = NO;
				GCC_WARN_64_TO_32_BIT_CONVERSION = YES;
				GCC_WARN_ABOUT_RETURN_TYPE = YES;
				GCC_WARN_UNDECLARED_SELECTOR = YES;
				GCC_WARN_UNINITIALIZED_AUTOS = YES;
				GCC_WARN_UNUSED_FUNCTION = YES;
				GCC_WARN_UNUSED_VARIABLE = YES;
				IPHONEOS_DEPLOYMENT_TARGET = 8.0;
				ONLY_ACTIVE_ARCH = YES;
				PROVISIONING_PROFILE = "";
				"PROVISIONING_PROFILE[sdk=iphoneos*]" = "";
				SDKROOT = iphoneos;
				TARGETED_DEVICE_FAMILY = "1,2";
			};
			name = Debug;
		};
		C01FCF5008A954540054247B /* Release */ = {
			isa = XCBuildConfiguration;
			buildSettings = {
				CLANG_ANALYZER_LOCALIZABILITY_NONLOCALIZED = YES;
				CLANG_ENABLE_MODULES = YES;
				CLANG_ENABLE_OBJC_ARC = YES;
				CLANG_WARN_BOOL_CONVERSION = YES;
				CLANG_WARN_CONSTANT_CONVERSION = YES;
				CLANG_WARN_EMPTY_BODY = YES;
				CLANG_WARN_ENUM_CONVERSION = YES;
				CLANG_WARN_INFINITE_RECURSION = YES;
				CLANG_WARN_INT_CONVERSION = YES;
				CLANG_WARN_SUSPICIOUS_MOVE = YES;
				CLANG_WARN_UNREACHABLE_CODE = YES;
				CLANG_WARN__DUPLICATE_METHOD_MATCH = YES;
				CODE_SIGN_IDENTITY = "iPhone Developer";
				"CODE_SIGN_IDENTITY[sdk=iphoneos*]" = "iPhone Distribution";
				ENABLE_STRICT_OBJC_MSGSEND = YES;
				GCC_C_LANGUAGE_STANDARD = c99;
				GCC_NO_COMMON_BLOCKS = YES;
				GCC_THUMB_SUPPORT = NO;
				GCC_WARN_64_TO_32_BIT_CONVERSION = YES;
				GCC_WARN_ABOUT_RETURN_TYPE = YES;
				GCC_WARN_UNDECLARED_SELECTOR = YES;
				GCC_WARN_UNINITIALIZED_AUTOS = YES;
				GCC_WARN_UNUSED_FUNCTION = YES;
				GCC_WARN_UNUSED_VARIABLE = YES;
				IPHONEOS_DEPLOYMENT_TARGET = 8.0;
				OTHER_CFLAGS = "-DNS_BLOCK_ASSERTIONS=1";
				PROVISIONING_PROFILE = "";
				"PROVISIONING_PROFILE[sdk=iphoneos*]" = "";
				SDKROOT = iphoneos;
				SWIFT_OPTIMIZATION_LEVEL = "-Owholemodule";
				TARGETED_DEVICE_FAMILY = "1,2";
			};
			name = Release;
		};
/* End XCBuildConfiguration section */

/* Begin XCConfigurationList section */
		1D6058960D05DD3E006BFB54 /* Build configuration list for PBXNativeTarget "KeyChain" */ = {
			isa = XCConfigurationList;
			buildConfigurations = (
				1D6058940D05DD3E006BFB54 /* Debug */,
				1D6058950D05DD3E006BFB54 /* Release */,
			);
			defaultConfigurationIsVisible = 0;
			defaultConfigurationName = Debug;
		};
		5F1FBA271C307E7A005B00A5 /* Build configuration list for PBXNativeTarget "keychain2Tests" */ = {
			isa = XCConfigurationList;
			buildConfigurations = (
				5F1FBA251C307E7A005B00A5 /* Debug */,
				5F1FBA261C307E7A005B00A5 /* Release */,
			);
			defaultConfigurationIsVisible = 0;
			defaultConfigurationName = Debug;
		};
		C01FCF4E08A954540054247B /* Build configuration list for PBXProject "KeyChain" */ = {
			isa = XCConfigurationList;
			buildConfigurations = (
				C01FCF4F08A954540054247B /* Debug */,
				C01FCF5008A954540054247B /* Release */,
			);
			defaultConfigurationIsVisible = 0;
			defaultConfigurationName = Debug;
		};
/* End XCConfigurationList section */

/* Begin XCVersionGroup section */
		5F30A47F1610E3AD005BAE36 /* KeyChain.xcdatamodeld */ = {
			isa = XCVersionGroup;
			children = (
				5F30A4801610E3AD005BAE36 /* KeyChain-1.0.xcdatamodel */,
				5F30A4811610E3AD005BAE36 /* KeyChain-1.1.xcdatamodel */,
				5F30A4821610E3AD005BAE36 /* KeyChain-1.2.xcdatamodel */,
				5F30A4831610E3AD005BAE36 /* KeyChain.xcdatamodel */,
			);
			currentVersion = 5F30A4831610E3AD005BAE36 /* KeyChain.xcdatamodel */;
			path = KeyChain.xcdatamodeld;
			sourceTree = "<group>";
			versionGroupType = wrapper.xcdatamodel;
		};
/* End XCVersionGroup section */
	};
	rootObject = 29B97313FDCFA39411CA2CEA /* Project object */;
}
