{
  "object": {
    "pins": [
      {
        "package": "CryptoSwift",
        "repositoryURL": "https://github.com/krzyzanowskim/CryptoSwift.git",
        "state": {
          "branch": null,
          "revision": "4e31051c63cc0ddf10a25cf5318856c510cf77f4",
          "version": "1.4.0"
        }
      },
      {
        "package": "KeychainAccess",
        "repositoryURL": "https://github.com/kishikawakatsumi/KeychainAccess.git",
        "state": {
          "branch": null,
          "revision": "b920ad7df3c73189dcdd4aa05c540849b2010dbf",
          "version": "4.1.0"
        }
      },
      {
        "package": "FieldValidatorLibrary",
        "repositoryURL": "https://github.com/bsorrentino/swiftui-fieldvalidator.git",
        "state": {
          "branch": null,
          "revision": "7d5123ff4770b98e3513de8f3fc49f2196aabf48",
          "version": "1.4.0"
        }
      }
    ]
  },
  "version": 1
}
