{
  "pins" : [
    {
      "identity" : "cryptoswift",
      "kind" : "remoteSourceControl",
      "location" : "https://github.com/krzyzanowskim/CryptoSwift.git",
      "state" : {
        "revision" : "8d4f6384e0a8cc41f2005247241dd553963a492a",
        "version" : "1.4.1"
      }
    },
    {
      "identity" : "keychainaccess",
      "kind" : "remoteSourceControl",
      "location" : "https://github.com/kishikawakatsumi/KeychainAccess.git",
      "state" : {
        "revision" : "84e546727d66f1adc5439debad16270d0fdd04e7",
        "version" : "4.2.2"
      }
    },
    {
      "identity" : "swiftui-fieldvalidator",
      "kind" : "remoteSourceControl",
      "location" : "https://github.com/bsorrentino/swiftui-fieldvalidator.git",
      "state" : {
        "branch" : "develop",
        "revision" : "128cac9624433304290467e6c6cf31b4c6314f44"
      }
    }
  ],
  "version" : 2
}
